// !$*UTF8*$!
{
	archiveVersion = 1;
	classes = {
	};
	objectVersion = 46;
	objects = {

/* Begin PBXBuildFile section */
		33281A491B6BFB01001EA811 /* MainMenu.xib in Resources */ = {isa = PBXBuildFile; fileRef = 3383C1C11B69DB0D00915D5D /* MainMenu.xib */; };
		33281A4A1B6BFB05001EA811 /* Assets.xcassets in Resources */ = {isa = PBXBuildFile; fileRef = 3383C1781B69B72600915D5D /* Assets.xcassets */; };
		332B0F8F1E0381780020CCBB /* MenuMeterDefaults.m in Sources */ = {isa = PBXBuildFile; fileRef = D432074903D3DCBA00A87BC9 /* MenuMeterDefaults.m */; };
		3345DD2C1B6BE7DB003843FC /* MenuMetersApp.app in Resources */ = {isa = PBXBuildFile; fileRef = 3383C1701B69B72500915D5D /* MenuMetersApp.app */; };
		3345DD2F1B6BEFDE003843FC /* MenuMetersMenuExtraBase.m in Sources */ = {isa = PBXBuildFile; fileRef = 3345DD2E1B6BEFDE003843FC /* MenuMetersMenuExtraBase.m */; settings = {COMPILER_FLAGS = "-fobjc-arc"; }; };
		336B59431E03BA68006DA445 /* MenuMeters.pch in Headers */ = {isa = PBXBuildFile; fileRef = 336B59401E03BA68006DA445 /* MenuMeters.pch */; };
		3383C1741B69B72600915D5D /* AppDelegate.m in Sources */ = {isa = PBXBuildFile; fileRef = 3383C1731B69B72600915D5D /* AppDelegate.m */; settings = {COMPILER_FLAGS = "-fobjc-arc"; }; };
		3383C1771B69B72600915D5D /* main.m in Sources */ = {isa = PBXBuildFile; fileRef = 3383C1761B69B72600915D5D /* main.m */; settings = {COMPILER_FLAGS = "-fobjc-arc"; }; };
		3383C1821B69B88500915D5D /* MenuMeterPowerMate.m in Sources */ = {isa = PBXBuildFile; fileRef = D4BBBF750463514700A804AF /* MenuMeterPowerMate.m */; };
		3383C1831B69B88800915D5D /* MenuMeterWorkarounds.m in Sources */ = {isa = PBXBuildFile; fileRef = D48A79F41018B051008E3207 /* MenuMeterWorkarounds.m */; };
		3383C1841B69B88C00915D5D /* MenuMeterCPUStats.m in Sources */ = {isa = PBXBuildFile; fileRef = D477AAF103D4BB9200A87BC9 /* MenuMeterCPUStats.m */; };
		3383C1851B69B89100915D5D /* MenuMeterUptime.m in Sources */ = {isa = PBXBuildFile; fileRef = D477AAF503D4BB9D00A87BC9 /* MenuMeterUptime.m */; };
		3383C1861B69B97E00915D5D /* MenuMeterCPUView.m in Sources */ = {isa = PBXBuildFile; fileRef = D477AAE903D4BB7D00A87BC9 /* MenuMeterCPUView.m */; };
		3383C1871B69BACA00915D5D /* SystemUIPlugin.framework in Frameworks */ = {isa = PBXBuildFile; fileRef = D40DB50E03D2631100A87BC9 /* SystemUIPlugin.framework */; };
		3383C1881B69BF7700915D5D /* MenuMeterCPUExtra.m in Sources */ = {isa = PBXBuildFile; fileRef = D477AAEC03D4BB8600A87BC9 /* MenuMeterCPUExtra.m */; };
		3383C18B1B69C75A00915D5D /* MenuMeterMemStats.m in Sources */ = {isa = PBXBuildFile; fileRef = D45F12E203D48A1C00A87BC9 /* MenuMeterMemStats.m */; };
		3383C18C1B69C75F00915D5D /* MenuMeterMemExtra.m in Sources */ = {isa = PBXBuildFile; fileRef = D45F12DF03D48A1300A87BC9 /* MenuMeterMemExtra.m */; };
		3383C18D1B69C76200915D5D /* MenuMeterMemView.m in Sources */ = {isa = PBXBuildFile; fileRef = D45F12DB03D48A0800A87BC9 /* MenuMeterMemView.m */; };
		3383C18E1B69C77100915D5D /* MenuMeterNetPPP.m in Sources */ = {isa = PBXBuildFile; fileRef = D45B6FA103D3BACD00A87BC9 /* MenuMeterNetPPP.m */; };
		3383C18F1B69C77500915D5D /* MenuMeterNetStats.m in Sources */ = {isa = PBXBuildFile; fileRef = D4FC162403D26AAA00A87BC9 /* MenuMeterNetStats.m */; };
		3383C1901B69C77800915D5D /* MenuMeterNetConfig.m in Sources */ = {isa = PBXBuildFile; fileRef = D4FC162703D26AAA00A87BC9 /* MenuMeterNetConfig.m */; };
		3383C1911B69C77B00915D5D /* MenuMeterNetExtra.m in Sources */ = {isa = PBXBuildFile; fileRef = D4FC162003D26AAA00A87BC9 /* MenuMeterNetExtra.m */; };
		3383C1921B69C77E00915D5D /* MenuMeterNetView.m in Sources */ = {isa = PBXBuildFile; fileRef = D4FC162203D26AAA00A87BC9 /* MenuMeterNetView.m */; };
		3383C1931B69C78600915D5D /* MenuMeterDiskSpace.m in Sources */ = {isa = PBXBuildFile; fileRef = D42EC96503D49AF700A87BC9 /* MenuMeterDiskSpace.m */; };
		3383C1941B69C78800915D5D /* MenuMeterDiskIO.m in Sources */ = {isa = PBXBuildFile; fileRef = D42EC96203D49AF000A87BC9 /* MenuMeterDiskIO.m */; };
		3383C1951B69C78B00915D5D /* MenuMeterDiskExtra.m in Sources */ = {isa = PBXBuildFile; fileRef = D42EC95D03D49AE400A87BC9 /* MenuMeterDiskExtra.m */; };
		3383C1961B69C78E00915D5D /* MenuMeterDiskView.m in Sources */ = {isa = PBXBuildFile; fileRef = D42EC95903D49AD900A87BC9 /* MenuMeterDiskView.m */; };
		3383C1971B69D8D000915D5D /* ArrowsIdle.tiff in Resources */ = {isa = PBXBuildFile; fileRef = D42EC97303D49B6500A87BC9 /* ArrowsIdle.tiff */; };
		3383C1981B69D8D000915D5D /* ArrowsReadWrite.tiff in Resources */ = {isa = PBXBuildFile; fileRef = D42EC97403D49B6500A87BC9 /* ArrowsReadWrite.tiff */; };
		3383C1991B69D8D000915D5D /* ArrowsWrite.tiff in Resources */ = {isa = PBXBuildFile; fileRef = D42EC97503D49B6500A87BC9 /* ArrowsWrite.tiff */; };
		3383C19A1B69D8D000915D5D /* ArrowsRead.tiff in Resources */ = {isa = PBXBuildFile; fileRef = D42EC97603D49B6500A87BC9 /* ArrowsRead.tiff */; };
		3383C19B1B69D8D000915D5D /* Color ArrowsWrite.tiff in Resources */ = {isa = PBXBuildFile; fileRef = D42EC97B03D49BD600A87BC9 /* Color ArrowsWrite.tiff */; };
		3383C19C1B69D8D000915D5D /* Color ArrowsRead.tiff in Resources */ = {isa = PBXBuildFile; fileRef = D42EC97C03D49BD600A87BC9 /* Color ArrowsRead.tiff */; };
		3383C19D1B69D8D000915D5D /* Color ArrowsIdle.tiff in Resources */ = {isa = PBXBuildFile; fileRef = D42EC97D03D49BD600A87BC9 /* Color ArrowsIdle.tiff */; };
		3383C19E1B69D8D000915D5D /* Color ArrowsReadWrite.tiff in Resources */ = {isa = PBXBuildFile; fileRef = D42EC97E03D49BD600A87BC9 /* Color ArrowsReadWrite.tiff */; };
		3383C19F1B69D8D000915D5D /* Dark ArrowsIdle.tiff in Resources */ = {isa = PBXBuildFile; fileRef = D42C6C861996D9BB005F87BD /* Dark ArrowsIdle.tiff */; };
		3383C1A01B69D8D000915D5D /* Dark ArrowsRead.tiff in Resources */ = {isa = PBXBuildFile; fileRef = D42C6C871996D9BB005F87BD /* Dark ArrowsRead.tiff */; };
		3383C1A11B69D8D000915D5D /* Dark ArrowsReadWrite.tiff in Resources */ = {isa = PBXBuildFile; fileRef = D42C6C881996D9BB005F87BD /* Dark ArrowsReadWrite.tiff */; };
		3383C1A21B69D8D000915D5D /* Dark ArrowsWrite.tiff in Resources */ = {isa = PBXBuildFile; fileRef = D42C6C891996D9BB005F87BD /* Dark ArrowsWrite.tiff */; };
		3383C1A31B69D8D000915D5D /* Dark Color ArrowsIdle.tiff in Resources */ = {isa = PBXBuildFile; fileRef = D42C6C941996DA77005F87BD /* Dark Color ArrowsIdle.tiff */; };
		3383C1A41B69D8D000915D5D /* Dark Color ArrowsRead.tiff in Resources */ = {isa = PBXBuildFile; fileRef = D42C6C951996DA77005F87BD /* Dark Color ArrowsRead.tiff */; };
		3383C1A51B69D8D000915D5D /* Dark Color ArrowsReadWrite.tiff in Resources */ = {isa = PBXBuildFile; fileRef = D42C6C961996DA77005F87BD /* Dark Color ArrowsReadWrite.tiff */; };
		3383C1A61B69D8D000915D5D /* Dark Color ArrowsWrite.tiff in Resources */ = {isa = PBXBuildFile; fileRef = D42C6C971996DA77005F87BD /* Dark Color ArrowsWrite.tiff */; };
		3383C1A71B69D8D000915D5D /* LightsWrite.tiff in Resources */ = {isa = PBXBuildFile; fileRef = D42EC98303D49BDE00A87BC9 /* LightsWrite.tiff */; };
		3383C1A81B69D8D000915D5D /* LightsIdle.tiff in Resources */ = {isa = PBXBuildFile; fileRef = D42EC98403D49BDE00A87BC9 /* LightsIdle.tiff */; };
		3383C1A91B69D8D000915D5D /* LightsRead.tiff in Resources */ = {isa = PBXBuildFile; fileRef = D42EC98503D49BDE00A87BC9 /* LightsRead.tiff */; };
		3383C1AA1B69D8D000915D5D /* LightsReadWrite.tiff in Resources */ = {isa = PBXBuildFile; fileRef = D42EC98603D49BDE00A87BC9 /* LightsReadWrite.tiff */; };
		3383C1AB1B69D8D000915D5D /* Aqua LightsIdle.tiff in Resources */ = {isa = PBXBuildFile; fileRef = D45FEFCC0470257D00A87BC9 /* Aqua LightsIdle.tiff */; };
		3383C1AC1B69D8D000915D5D /* Aqua LightsReadWrite.tiff in Resources */ = {isa = PBXBuildFile; fileRef = D45FEFCD0470257D00A87BC9 /* Aqua LightsReadWrite.tiff */; };
		3383C1AD1B69D8D000915D5D /* Aqua LightsWrite.tiff in Resources */ = {isa = PBXBuildFile; fileRef = D45FEFCE0470257D00A87BC9 /* Aqua LightsWrite.tiff */; };
		3383C1AE1B69D8D000915D5D /* Aqua LightsRead.tiff in Resources */ = {isa = PBXBuildFile; fileRef = D45FEFCF0470257D00A87BC9 /* Aqua LightsRead.tiff */; };
		3383C1AF1B69D8D000915D5D /* Disk ArrowsRead.tiff in Resources */ = {isa = PBXBuildFile; fileRef = D4D9D1F30644C7E200047FDD /* Disk ArrowsRead.tiff */; };
		3383C1B01B69D8D000915D5D /* Disk ArrowsReadWrite.tiff in Resources */ = {isa = PBXBuildFile; fileRef = D4D9D1F40644C7E200047FDD /* Disk ArrowsReadWrite.tiff */; };
		3383C1B11B69D8D000915D5D /* Disk ArrowsWrite.tiff in Resources */ = {isa = PBXBuildFile; fileRef = D4D9D1F50644C7E200047FDD /* Disk ArrowsWrite.tiff */; };
		3383C1E21B69DD2D00915D5D /* English.lproj in Resources */ = {isa = PBXBuildFile; fileRef = 3383C1DA1B69DD2D00915D5D /* English.lproj */; };
		3383C1E31B69DD2D00915D5D /* French.lproj in Resources */ = {isa = PBXBuildFile; fileRef = 3383C1DB1B69DD2D00915D5D /* French.lproj */; };
		3383C1E41B69DD2D00915D5D /* German.lproj in Resources */ = {isa = PBXBuildFile; fileRef = 3383C1DC1B69DD2D00915D5D /* German.lproj */; };
		3383C1E51B69DD2D00915D5D /* Italian.lproj in Resources */ = {isa = PBXBuildFile; fileRef = 3383C1DD1B69DD2D00915D5D /* Italian.lproj */; };
		3383C1E71B69DD2D00915D5D /* Japanese.lproj in Resources */ = {isa = PBXBuildFile; fileRef = 3383C1DF1B69DD2D00915D5D /* Japanese.lproj */; };
		3383C1E81B69DD2D00915D5D /* nl.lproj in Resources */ = {isa = PBXBuildFile; fileRef = 3383C1E01B69DD2D00915D5D /* nl.lproj */; };
		3383C1E91B69DD2D00915D5D /* zh_CN.lproj in Resources */ = {isa = PBXBuildFile; fileRef = 3383C1E11B69DD2D00915D5D /* zh_CN.lproj */; };
		9023745B1E91612100B096A8 /* InfoPlistPreprocessor.h in Headers */ = {isa = PBXBuildFile; fileRef = 9023745A1E91612100B096A8 /* InfoPlistPreprocessor.h */; };
		D403ADE40E04F18400348443 /* Cocoa.framework in Frameworks */ = {isa = PBXBuildFile; fileRef = D403ADE20E04F17900348443 /* Cocoa.framework */; };
		D403ADEC0E04F19C00348443 /* Carbon.framework in Frameworks */ = {isa = PBXBuildFile; fileRef = D403ADEB0E04F19C00348443 /* Carbon.framework */; };
		D403ADF40E04F1E100348443 /* SystemConfiguration.framework in Frameworks */ = {isa = PBXBuildFile; fileRef = D403ADF30E04F1E100348443 /* SystemConfiguration.framework */; };
		D403ADF70E04F20400348443 /* ApplicationServices.framework in Frameworks */ = {isa = PBXBuildFile; fileRef = D403ADF60E04F20400348443 /* ApplicationServices.framework */; };
		D403AE000E04F23800348443 /* PreferencePanes.framework in Frameworks */ = {isa = PBXBuildFile; fileRef = D403ADFF0E04F23800348443 /* PreferencePanes.framework */; };
		D41C27C910490E3300A8E325 /* IOKit.framework in Frameworks */ = {isa = PBXBuildFile; fileRef = D478F451101A8AE100C79173 /* IOKit.framework */; };
		D46E02B9104BA13500BA590F /* Foundation.framework in Frameworks */ = {isa = PBXBuildFile; fileRef = D403AD3B0E04E99C00348443 /* Foundation.framework */; };
		D4E8531319F6CD0300E25BBC /* MenuMeterWorkarounds.m in Sources */ = {isa = PBXBuildFile; fileRef = D48A79F41018B051008E3207 /* MenuMeterWorkarounds.m */; };
		D4ECB39705FE72E100954E26 /* MenuMeterCPU.h in Headers */ = {isa = PBXBuildFile; fileRef = D40DB4C403D260E800A87BC9 /* MenuMeterCPU.h */; };
		D4ECB39805FE72E100954E26 /* MenuMeterDisk.h in Headers */ = {isa = PBXBuildFile; fileRef = D40DB4C503D260E800A87BC9 /* MenuMeterDisk.h */; };
		D4ECB39905FE72E100954E26 /* MenuMeterMem.h in Headers */ = {isa = PBXBuildFile; fileRef = D40DB4C203D260E800A87BC9 /* MenuMeterMem.h */; };
		D4ECB39A05FE72E100954E26 /* MenuMeterNet.h in Headers */ = {isa = PBXBuildFile; fileRef = D40DB4C603D260E800A87BC9 /* MenuMeterNet.h */; };
		D4ECB39B05FE72E100954E26 /* MenuMeterDefaults.h in Headers */ = {isa = PBXBuildFile; fileRef = D432074803D3DCBA00A87BC9 /* MenuMeterDefaults.h */; };
		D4ECB39C05FE72E100954E26 /* MenuMeterPowerMate.h in Headers */ = {isa = PBXBuildFile; fileRef = D4BBBF740463514700A804AF /* MenuMeterPowerMate.h */; };
		D4ECB39D05FE72E100954E26 /* MenuMeters.h in Headers */ = {isa = PBXBuildFile; fileRef = D4510D9104F2F0FD00A87BC9 /* MenuMeters.h */; };
		D4ECB39E05FE72E100954E26 /* MenuMetersPref.h in Headers */ = {isa = PBXBuildFile; fileRef = D4E4BFA004F333B100A87BC9 /* MenuMetersPref.h */; };
		D4ECB3A105FE72E100954E26 /* Localizable.strings in Resources */ = {isa = PBXBuildFile; fileRef = D4E4BF8F04F333B100A87BC9 /* Localizable.strings */; };
		D4ECB3A205FE72E100954E26 /* MenuMetersPref.nib in Resources */ = {isa = PBXBuildFile; fileRef = D4E4BF9104F333B100A87BC9 /* MenuMetersPref.nib */; };
		D4ECB3A305FE72E100954E26 /* MenuMetersPref.tiff in Resources */ = {isa = PBXBuildFile; fileRef = D4E4BF9B04F333B100A87BC9 /* MenuMetersPref.tiff */; };
		D4ECB3A405FE72E100954E26 /* InfoPlist.strings in Resources */ = {isa = PBXBuildFile; fileRef = D4E4BF9C04F333B100A87BC9 /* InfoPlist.strings */; };
		D4ECB3A505FE72E100954E26 /* CubeRootScale.tiff in Resources */ = {isa = PBXBuildFile; fileRef = D4E4BFA704F333B100A87BC9 /* CubeRootScale.tiff */; };
		D4ECB3A605FE72E100954E26 /* LinearScale.tiff in Resources */ = {isa = PBXBuildFile; fileRef = D4E4BFA804F333B100A87BC9 /* LinearScale.tiff */; };
		D4ECB3A705FE72E100954E26 /* LogScale.tiff in Resources */ = {isa = PBXBuildFile; fileRef = D4E4BFA904F333B100A87BC9 /* LogScale.tiff */; };
		D4ECB3A805FE72E100954E26 /* SquareRootScale.tiff in Resources */ = {isa = PBXBuildFile; fileRef = D4E4BFAA04F333B100A87BC9 /* SquareRootScale.tiff */; };
		D4ECB3AA05FE72E100954E26 /* MenuMeterDefaults.m in Sources */ = {isa = PBXBuildFile; fileRef = D432074903D3DCBA00A87BC9 /* MenuMeterDefaults.m */; };
		D4ECB3AB05FE72E100954E26 /* MenuMeterPowerMate.m in Sources */ = {isa = PBXBuildFile; fileRef = D4BBBF750463514700A804AF /* MenuMeterPowerMate.m */; };
		D4ECB3AC05FE72E100954E26 /* MenuMetersPref.m in Sources */ = {isa = PBXBuildFile; fileRef = D4E4BFA104F333B100A87BC9 /* MenuMetersPref.m */; };
/* End PBXBuildFile section */

/* Begin PBXContainerItemProxy section */
		3345DD2A1B6BE7A8003843FC /* PBXContainerItemProxy */ = {
			isa = PBXContainerItemProxy;
			containerPortal = D40DB4A703D25F2100A87BC9 /* Project object */;
			proxyType = 1;
			remoteGlobalIDString = 3383C16F1B69B72500915D5D;
			remoteInfo = MenuMetersApp;
		};
/* End PBXContainerItemProxy section */

/* Begin PBXFileReference section */
		3345DD2D1B6BEFDE003843FC /* MenuMetersMenuExtraBase.h */ = {isa = PBXFileReference; fileEncoding = 4; lastKnownFileType = sourcecode.c.h; path = MenuMetersMenuExtraBase.h; sourceTree = "<group>"; };
		3345DD2E1B6BEFDE003843FC /* MenuMetersMenuExtraBase.m */ = {isa = PBXFileReference; fileEncoding = 4; lastKnownFileType = sourcecode.c.objc; path = MenuMetersMenuExtraBase.m; sourceTree = "<group>"; };
		336B59401E03BA68006DA445 /* MenuMeters.pch */ = {isa = PBXFileReference; fileEncoding = 4; lastKnownFileType = sourcecode.c.h; path = MenuMeters.pch; sourceTree = "<group>"; };
		3383C1701B69B72500915D5D /* MenuMetersApp.app */ = {isa = PBXFileReference; explicitFileType = wrapper.application; includeInIndex = 0; path = MenuMetersApp.app; sourceTree = BUILT_PRODUCTS_DIR; };
		3383C1721B69B72500915D5D /* AppDelegate.h */ = {isa = PBXFileReference; lastKnownFileType = sourcecode.c.h; path = AppDelegate.h; sourceTree = "<group>"; };
		3383C1731B69B72600915D5D /* AppDelegate.m */ = {isa = PBXFileReference; lastKnownFileType = sourcecode.c.objc; path = AppDelegate.m; sourceTree = "<group>"; };
		3383C1761B69B72600915D5D /* main.m */ = {isa = PBXFileReference; lastKnownFileType = sourcecode.c.objc; path = main.m; sourceTree = "<group>"; };
		3383C1781B69B72600915D5D /* Assets.xcassets */ = {isa = PBXFileReference; lastKnownFileType = folder.assetcatalog; path = Assets.xcassets; sourceTree = "<group>"; };
		3383C17D1B69B72600915D5D /* Info.plist */ = {isa = PBXFileReference; lastKnownFileType = text.plist.xml; path = Info.plist; sourceTree = "<group>"; };
		3383C1C11B69DB0D00915D5D /* MainMenu.xib */ = {isa = PBXFileReference; fileEncoding = 4; lastKnownFileType = file.xib; path = MainMenu.xib; sourceTree = "<group>"; };
		3383C1DA1B69DD2D00915D5D /* English.lproj */ = {isa = PBXFileReference; lastKnownFileType = folder; path = English.lproj; sourceTree = "<group>"; };
		3383C1DB1B69DD2D00915D5D /* French.lproj */ = {isa = PBXFileReference; lastKnownFileType = folder; path = French.lproj; sourceTree = "<group>"; };
		3383C1DC1B69DD2D00915D5D /* German.lproj */ = {isa = PBXFileReference; lastKnownFileType = folder; path = German.lproj; sourceTree = "<group>"; };
		3383C1DD1B69DD2D00915D5D /* Italian.lproj */ = {isa = PBXFileReference; lastKnownFileType = folder; path = Italian.lproj; sourceTree = "<group>"; };
		3383C1DF1B69DD2D00915D5D /* Japanese.lproj */ = {isa = PBXFileReference; lastKnownFileType = folder; path = Japanese.lproj; sourceTree = "<group>"; };
		3383C1E01B69DD2D00915D5D /* nl.lproj */ = {isa = PBXFileReference; lastKnownFileType = folder; path = nl.lproj; sourceTree = "<group>"; };
		3383C1E11B69DD2D00915D5D /* zh_CN.lproj */ = {isa = PBXFileReference; lastKnownFileType = folder; path = zh_CN.lproj; sourceTree = "<group>"; };
		9023745A1E91612100B096A8 /* InfoPlistPreprocessor.h */ = {isa = PBXFileReference; fileEncoding = 4; lastKnownFileType = sourcecode.c.h; path = InfoPlistPreprocessor.h; sourceTree = "<group>"; };
		D40271B8083D928600D09108 /* nl */ = {isa = PBXFileReference; fileEncoding = 4; lastKnownFileType = text.plist.strings; lineEnding = 0; name = nl; path = nl.lproj/Localizable.strings; sourceTree = "<group>"; };
		D40271BB083D92C500D09108 /* nl */ = {isa = PBXFileReference; lastKnownFileType = wrapper.nib; name = nl; path = nl.lproj/MenuMetersPref.nib; sourceTree = "<group>"; };
		D40271BE083D9C0500D09108 /* nl */ = {isa = PBXFileReference; fileEncoding = 4; lastKnownFileType = text.plist.strings; lineEnding = 0; name = nl; path = MenuExtras/MenuMeterCPU/nl.lproj/Localizable.strings; sourceTree = "<group>"; };
		D403AD3B0E04E99C00348443 /* Foundation.framework */ = {isa = PBXFileReference; lastKnownFileType = wrapper.framework; name = Foundation.framework; path = System/Library/Frameworks/Foundation.framework; sourceTree = SDKROOT; };
		D403ADE20E04F17900348443 /* Cocoa.framework */ = {isa = PBXFileReference; lastKnownFileType = wrapper.framework; name = Cocoa.framework; path = System/Library/Frameworks/Cocoa.framework; sourceTree = SDKROOT; };
		D403ADEB0E04F19C00348443 /* Carbon.framework */ = {isa = PBXFileReference; lastKnownFileType = wrapper.framework; name = Carbon.framework; path = System/Library/Frameworks/Carbon.framework; sourceTree = SDKROOT; };
		D403ADF30E04F1E100348443 /* SystemConfiguration.framework */ = {isa = PBXFileReference; lastKnownFileType = wrapper.framework; name = SystemConfiguration.framework; path = System/Library/Frameworks/SystemConfiguration.framework; sourceTree = SDKROOT; };
		D403ADF60E04F20400348443 /* ApplicationServices.framework */ = {isa = PBXFileReference; lastKnownFileType = wrapper.framework; name = ApplicationServices.framework; path = System/Library/Frameworks/ApplicationServices.framework; sourceTree = SDKROOT; };
		D403ADFF0E04F23800348443 /* PreferencePanes.framework */ = {isa = PBXFileReference; lastKnownFileType = wrapper.framework; name = PreferencePanes.framework; path = System/Library/Frameworks/PreferencePanes.framework; sourceTree = SDKROOT; };
		D403AE140E04F27000348443 /* Security.framework */ = {isa = PBXFileReference; lastKnownFileType = wrapper.framework; name = Security.framework; path = System/Library/Frameworks/Security.framework; sourceTree = SDKROOT; };
		D4050C3819BFF72800DB69A4 /* German */ = {isa = PBXFileReference; fileEncoding = 4; lastKnownFileType = text.plist.strings; lineEnding = 0; name = German; path = MenuExtras/MenuMeterCPU/German.lproj/Localizable.strings; sourceTree = "<group>"; };
		D4050C3919BFF73500DB69A4 /* German */ = {isa = PBXFileReference; fileEncoding = 4; lastKnownFileType = text.plist.strings; lineEnding = 0; name = German; path = MenuExtras/MenuMeterDisk/German.lproj/Localizable.strings; sourceTree = "<group>"; };
		D4050C3A19BFF74100DB69A4 /* German */ = {isa = PBXFileReference; fileEncoding = 4; lastKnownFileType = text.plist.strings; lineEnding = 0; name = German; path = MenuExtras/MenuMeterMem/German.lproj/Localizable.strings; sourceTree = "<group>"; };
		D4050C3B19BFF74900DB69A4 /* German */ = {isa = PBXFileReference; fileEncoding = 4; lastKnownFileType = text.plist.strings; lineEnding = 0; name = German; path = German.lproj/Localizable.strings; sourceTree = "<group>"; };
		D4050C3D19BFF75B00DB69A4 /* German */ = {isa = PBXFileReference; fileEncoding = 4; lastKnownFileType = text.plist.strings; lineEnding = 0; name = German; path = German.lproj/Localizable.strings; sourceTree = "<group>"; };
		D4050C3E19BFF76100DB69A4 /* German */ = {isa = PBXFileReference; lastKnownFileType = wrapper.nib; name = German; path = German.lproj/MenuMetersPref.nib; sourceTree = "<group>"; };
		D40DB4C203D260E800A87BC9 /* MenuMeterMem.h */ = {isa = PBXFileReference; fileEncoding = 30; lastKnownFileType = sourcecode.c.h; name = MenuMeterMem.h; path = Common/MenuMeterMem.h; sourceTree = "<group>"; };
		D40DB4C403D260E800A87BC9 /* MenuMeterCPU.h */ = {isa = PBXFileReference; fileEncoding = 30; lastKnownFileType = sourcecode.c.h; name = MenuMeterCPU.h; path = Common/MenuMeterCPU.h; sourceTree = "<group>"; };
		D40DB4C503D260E800A87BC9 /* MenuMeterDisk.h */ = {isa = PBXFileReference; fileEncoding = 30; lastKnownFileType = sourcecode.c.h; name = MenuMeterDisk.h; path = Common/MenuMeterDisk.h; sourceTree = "<group>"; };
		D40DB4C603D260E800A87BC9 /* MenuMeterNet.h */ = {isa = PBXFileReference; fileEncoding = 30; lastKnownFileType = sourcecode.c.h; name = MenuMeterNet.h; path = Common/MenuMeterNet.h; sourceTree = "<group>"; };
		D40DB50E03D2631100A87BC9 /* SystemUIPlugin.framework */ = {isa = PBXFileReference; lastKnownFileType = wrapper.framework; name = SystemUIPlugin.framework; path = /System/Library/PrivateFrameworks/SystemUIPlugin.framework; sourceTree = "<absolute>"; };
		D4157ABD19D13C18008BD05F /* Japanese */ = {isa = PBXFileReference; fileEncoding = 4; lastKnownFileType = text.plist.strings; lineEnding = 0; name = Japanese; path = Japanese.lproj/Localizable.strings; sourceTree = "<group>"; };
		D4157ABE19D13C92008BD05F /* Japanese */ = {isa = PBXFileReference; lastKnownFileType = wrapper.nib; name = Japanese; path = Japanese.lproj/MenuMetersPref.nib; sourceTree = "<group>"; };
		D4157AC019D13D4D008BD05F /* Japanese */ = {isa = PBXFileReference; fileEncoding = 4; lastKnownFileType = text.plist.strings; lineEnding = 0; name = Japanese; path = Japanese.lproj/Localizable.strings; sourceTree = "<group>"; };
		D4157AC119D13D73008BD05F /* Japanese */ = {isa = PBXFileReference; fileEncoding = 4; lastKnownFileType = text.plist.strings; lineEnding = 0; name = Japanese; path = MenuExtras/MenuMeterMem/Japanese.lproj/Localizable.strings; sourceTree = "<group>"; };
		D4157AC219D13DAC008BD05F /* Japanese */ = {isa = PBXFileReference; fileEncoding = 4; lastKnownFileType = text.plist.strings; lineEnding = 0; name = Japanese; path = MenuExtras/MenuMeterDisk/Japanese.lproj/Localizable.strings; sourceTree = "<group>"; };
		D4157AC319D13DD9008BD05F /* Japanese */ = {isa = PBXFileReference; fileEncoding = 4; lastKnownFileType = text.plist.strings; lineEnding = 0; name = Japanese; path = MenuExtras/MenuMeterCPU/Japanese.lproj/Localizable.strings; sourceTree = "<group>"; };
		D41C27741048FE9B00A8E325 /* MenuCracker.menu */ = {isa = PBXFileReference; explicitFileType = wrapper.cfbundle; path = MenuCracker.menu; sourceTree = "<group>"; };
		D42C6C861996D9BB005F87BD /* Dark ArrowsIdle.tiff */ = {isa = PBXFileReference; lastKnownFileType = image.tiff; name = "Dark ArrowsIdle.tiff"; path = "MenuExtras/MenuMeterDisk/Icons/Dark ArrowsIdle.tiff"; sourceTree = "<group>"; };
		D42C6C871996D9BB005F87BD /* Dark ArrowsRead.tiff */ = {isa = PBXFileReference; lastKnownFileType = image.tiff; name = "Dark ArrowsRead.tiff"; path = "MenuExtras/MenuMeterDisk/Icons/Dark ArrowsRead.tiff"; sourceTree = "<group>"; };
		D42C6C881996D9BB005F87BD /* Dark ArrowsReadWrite.tiff */ = {isa = PBXFileReference; lastKnownFileType = image.tiff; name = "Dark ArrowsReadWrite.tiff"; path = "MenuExtras/MenuMeterDisk/Icons/Dark ArrowsReadWrite.tiff"; sourceTree = "<group>"; };
		D42C6C891996D9BB005F87BD /* Dark ArrowsWrite.tiff */ = {isa = PBXFileReference; lastKnownFileType = image.tiff; name = "Dark ArrowsWrite.tiff"; path = "MenuExtras/MenuMeterDisk/Icons/Dark ArrowsWrite.tiff"; sourceTree = "<group>"; };
		D42C6C941996DA77005F87BD /* Dark Color ArrowsIdle.tiff */ = {isa = PBXFileReference; lastKnownFileType = image.tiff; name = "Dark Color ArrowsIdle.tiff"; path = "MenuExtras/MenuMeterDisk/Icons/Dark Color ArrowsIdle.tiff"; sourceTree = "<group>"; };
		D42C6C951996DA77005F87BD /* Dark Color ArrowsRead.tiff */ = {isa = PBXFileReference; lastKnownFileType = image.tiff; name = "Dark Color ArrowsRead.tiff"; path = "MenuExtras/MenuMeterDisk/Icons/Dark Color ArrowsRead.tiff"; sourceTree = "<group>"; };
		D42C6C961996DA77005F87BD /* Dark Color ArrowsReadWrite.tiff */ = {isa = PBXFileReference; lastKnownFileType = image.tiff; name = "Dark Color ArrowsReadWrite.tiff"; path = "MenuExtras/MenuMeterDisk/Icons/Dark Color ArrowsReadWrite.tiff"; sourceTree = "<group>"; };
		D42C6C971996DA77005F87BD /* Dark Color ArrowsWrite.tiff */ = {isa = PBXFileReference; lastKnownFileType = image.tiff; name = "Dark Color ArrowsWrite.tiff"; path = "MenuExtras/MenuMeterDisk/Icons/Dark Color ArrowsWrite.tiff"; sourceTree = "<group>"; };
		D42EC95903D49AD900A87BC9 /* MenuMeterDiskView.m */ = {isa = PBXFileReference; fileEncoding = 30; lastKnownFileType = sourcecode.c.objc; name = MenuMeterDiskView.m; path = MenuExtras/MenuMeterDisk/MenuMeterDiskView.m; sourceTree = "<group>"; };
		D42EC95A03D49AD900A87BC9 /* MenuMeterDiskView.h */ = {isa = PBXFileReference; fileEncoding = 30; lastKnownFileType = sourcecode.c.h; name = MenuMeterDiskView.h; path = MenuExtras/MenuMeterDisk/MenuMeterDiskView.h; sourceTree = "<group>"; };
		D42EC95D03D49AE400A87BC9 /* MenuMeterDiskExtra.m */ = {isa = PBXFileReference; fileEncoding = 30; lastKnownFileType = sourcecode.c.objc; name = MenuMeterDiskExtra.m; path = MenuExtras/MenuMeterDisk/MenuMeterDiskExtra.m; sourceTree = "<group>"; };
		D42EC95E03D49AE400A87BC9 /* MenuMeterDiskExtra.h */ = {isa = PBXFileReference; fileEncoding = 30; lastKnownFileType = sourcecode.c.h; name = MenuMeterDiskExtra.h; path = MenuExtras/MenuMeterDisk/MenuMeterDiskExtra.h; sourceTree = "<group>"; };
		D42EC96103D49AF000A87BC9 /* MenuMeterDiskIO.h */ = {isa = PBXFileReference; fileEncoding = 30; lastKnownFileType = sourcecode.c.h; name = MenuMeterDiskIO.h; path = MenuExtras/MenuMeterDisk/MenuMeterDiskIO.h; sourceTree = "<group>"; };
		D42EC96203D49AF000A87BC9 /* MenuMeterDiskIO.m */ = {isa = PBXFileReference; fileEncoding = 30; lastKnownFileType = sourcecode.c.objc; name = MenuMeterDiskIO.m; path = MenuExtras/MenuMeterDisk/MenuMeterDiskIO.m; sourceTree = "<group>"; };
		D42EC96503D49AF700A87BC9 /* MenuMeterDiskSpace.m */ = {isa = PBXFileReference; fileEncoding = 30; lastKnownFileType = sourcecode.c.objc; name = MenuMeterDiskSpace.m; path = MenuExtras/MenuMeterDisk/MenuMeterDiskSpace.m; sourceTree = "<group>"; };
		D42EC96603D49AF700A87BC9 /* MenuMeterDiskSpace.h */ = {isa = PBXFileReference; fileEncoding = 30; lastKnownFileType = sourcecode.c.h; name = MenuMeterDiskSpace.h; path = MenuExtras/MenuMeterDisk/MenuMeterDiskSpace.h; sourceTree = "<group>"; };
		D42EC96A03D49B1700A87BC9 /* English */ = {isa = PBXFileReference; fileEncoding = 4; lastKnownFileType = text.plist.strings; lineEnding = 0; name = English; path = MenuExtras/MenuMeterDisk/English.lproj/Localizable.strings; sourceTree = "<group>"; };
		D42EC97303D49B6500A87BC9 /* ArrowsIdle.tiff */ = {isa = PBXFileReference; lastKnownFileType = image.tiff; name = ArrowsIdle.tiff; path = MenuExtras/MenuMeterDisk/Icons/ArrowsIdle.tiff; sourceTree = "<group>"; };
		D42EC97403D49B6500A87BC9 /* ArrowsReadWrite.tiff */ = {isa = PBXFileReference; lastKnownFileType = image.tiff; name = ArrowsReadWrite.tiff; path = MenuExtras/MenuMeterDisk/Icons/ArrowsReadWrite.tiff; sourceTree = "<group>"; };
		D42EC97503D49B6500A87BC9 /* ArrowsWrite.tiff */ = {isa = PBXFileReference; lastKnownFileType = image.tiff; name = ArrowsWrite.tiff; path = MenuExtras/MenuMeterDisk/Icons/ArrowsWrite.tiff; sourceTree = "<group>"; };
		D42EC97603D49B6500A87BC9 /* ArrowsRead.tiff */ = {isa = PBXFileReference; lastKnownFileType = image.tiff; name = ArrowsRead.tiff; path = MenuExtras/MenuMeterDisk/Icons/ArrowsRead.tiff; sourceTree = "<group>"; };
		D42EC97B03D49BD600A87BC9 /* Color ArrowsWrite.tiff */ = {isa = PBXFileReference; lastKnownFileType = image.tiff; name = "Color ArrowsWrite.tiff"; path = "MenuExtras/MenuMeterDisk/Icons/Color ArrowsWrite.tiff"; sourceTree = "<group>"; };
		D42EC97C03D49BD600A87BC9 /* Color ArrowsRead.tiff */ = {isa = PBXFileReference; lastKnownFileType = image.tiff; name = "Color ArrowsRead.tiff"; path = "MenuExtras/MenuMeterDisk/Icons/Color ArrowsRead.tiff"; sourceTree = "<group>"; };
		D42EC97D03D49BD600A87BC9 /* Color ArrowsIdle.tiff */ = {isa = PBXFileReference; lastKnownFileType = image.tiff; name = "Color ArrowsIdle.tiff"; path = "MenuExtras/MenuMeterDisk/Icons/Color ArrowsIdle.tiff"; sourceTree = "<group>"; };
		D42EC97E03D49BD600A87BC9 /* Color ArrowsReadWrite.tiff */ = {isa = PBXFileReference; lastKnownFileType = image.tiff; name = "Color ArrowsReadWrite.tiff"; path = "MenuExtras/MenuMeterDisk/Icons/Color ArrowsReadWrite.tiff"; sourceTree = "<group>"; };
		D42EC98303D49BDE00A87BC9 /* LightsWrite.tiff */ = {isa = PBXFileReference; lastKnownFileType = image.tiff; name = LightsWrite.tiff; path = MenuExtras/MenuMeterDisk/Icons/LightsWrite.tiff; sourceTree = "<group>"; };
		D42EC98403D49BDE00A87BC9 /* LightsIdle.tiff */ = {isa = PBXFileReference; lastKnownFileType = image.tiff; name = LightsIdle.tiff; path = MenuExtras/MenuMeterDisk/Icons/LightsIdle.tiff; sourceTree = "<group>"; };
		D42EC98503D49BDE00A87BC9 /* LightsRead.tiff */ = {isa = PBXFileReference; lastKnownFileType = image.tiff; name = LightsRead.tiff; path = MenuExtras/MenuMeterDisk/Icons/LightsRead.tiff; sourceTree = "<group>"; };
		D42EC98603D49BDE00A87BC9 /* LightsReadWrite.tiff */ = {isa = PBXFileReference; lastKnownFileType = image.tiff; name = LightsReadWrite.tiff; path = MenuExtras/MenuMeterDisk/Icons/LightsReadWrite.tiff; sourceTree = "<group>"; };
		D432074803D3DCBA00A87BC9 /* MenuMeterDefaults.h */ = {isa = PBXFileReference; fileEncoding = 30; lastKnownFileType = sourcecode.c.h; name = MenuMeterDefaults.h; path = Common/MenuMeterDefaults.h; sourceTree = "<group>"; };
		D432074903D3DCBA00A87BC9 /* MenuMeterDefaults.m */ = {isa = PBXFileReference; fileEncoding = 30; lastKnownFileType = sourcecode.c.objc; name = MenuMeterDefaults.m; path = Common/MenuMeterDefaults.m; sourceTree = "<group>"; };
		D4510D7504F2F06100A87BC9 /* GNU General Public License.rtf */ = {isa = PBXFileReference; lastKnownFileType = text.rtf; path = "GNU General Public License.rtf"; sourceTree = "<group>"; };
		D4510D7604F2F06100A87BC9 /* History.txt */ = {isa = PBXFileReference; fileEncoding = 30; lastKnownFileType = text; path = History.txt; sourceTree = "<group>"; };
		D4510D7704F2F06100A87BC9 /* MenuMeters Read Me.rtf */ = {isa = PBXFileReference; lastKnownFileType = text.rtf; path = "MenuMeters Read Me.rtf"; sourceTree = "<group>"; };
		D4510D7804F2F06100A87BC9 /* MenuMeters Source ReadMe.rtf */ = {isa = PBXFileReference; lastKnownFileType = text.rtf; path = "MenuMeters Source ReadMe.rtf"; sourceTree = "<group>"; };
		D4510D9104F2F0FD00A87BC9 /* MenuMeters.h */ = {isa = PBXFileReference; fileEncoding = 30; lastKnownFileType = sourcecode.c.h; name = MenuMeters.h; path = Common/MenuMeters.h; sourceTree = "<group>"; };
		D45B6FA103D3BACD00A87BC9 /* MenuMeterNetPPP.m */ = {isa = PBXFileReference; fileEncoding = 30; lastKnownFileType = sourcecode.c.objc; path = MenuMeterNetPPP.m; sourceTree = "<group>"; };
		D45B6FA203D3BACD00A87BC9 /* MenuMeterNetPPP.h */ = {isa = PBXFileReference; fileEncoding = 30; lastKnownFileType = sourcecode.c.h; path = MenuMeterNetPPP.h; sourceTree = "<group>"; };
		D45F12DA03D48A0800A87BC9 /* MenuMeterMemView.h */ = {isa = PBXFileReference; fileEncoding = 30; lastKnownFileType = sourcecode.c.h; name = MenuMeterMemView.h; path = MenuExtras/MenuMeterMem/MenuMeterMemView.h; sourceTree = "<group>"; };
		D45F12DB03D48A0800A87BC9 /* MenuMeterMemView.m */ = {isa = PBXFileReference; fileEncoding = 30; lastKnownFileType = sourcecode.c.objc; name = MenuMeterMemView.m; path = MenuExtras/MenuMeterMem/MenuMeterMemView.m; sourceTree = "<group>"; };
		D45F12DE03D48A1300A87BC9 /* MenuMeterMemExtra.h */ = {isa = PBXFileReference; fileEncoding = 30; lastKnownFileType = sourcecode.c.h; name = MenuMeterMemExtra.h; path = MenuExtras/MenuMeterMem/MenuMeterMemExtra.h; sourceTree = "<group>"; };
		D45F12DF03D48A1300A87BC9 /* MenuMeterMemExtra.m */ = {isa = PBXFileReference; fileEncoding = 30; lastKnownFileType = sourcecode.c.objc; name = MenuMeterMemExtra.m; path = MenuExtras/MenuMeterMem/MenuMeterMemExtra.m; sourceTree = "<group>"; };
		D45F12E203D48A1C00A87BC9 /* MenuMeterMemStats.m */ = {isa = PBXFileReference; fileEncoding = 30; lastKnownFileType = sourcecode.c.objc; name = MenuMeterMemStats.m; path = MenuExtras/MenuMeterMem/MenuMeterMemStats.m; sourceTree = "<group>"; };
		D45F12E303D48A1C00A87BC9 /* MenuMeterMemStats.h */ = {isa = PBXFileReference; fileEncoding = 30; lastKnownFileType = sourcecode.c.h; name = MenuMeterMemStats.h; path = MenuExtras/MenuMeterMem/MenuMeterMemStats.h; sourceTree = "<group>"; };
		D45F12E703D48A4E00A87BC9 /* English */ = {isa = PBXFileReference; fileEncoding = 4; lastKnownFileType = text.plist.strings; lineEnding = 0; name = English; path = MenuExtras/MenuMeterMem/English.lproj/Localizable.strings; sourceTree = "<group>"; };
		D45FEFCC0470257D00A87BC9 /* Aqua LightsIdle.tiff */ = {isa = PBXFileReference; lastKnownFileType = image.tiff; name = "Aqua LightsIdle.tiff"; path = "MenuExtras/MenuMeterDisk/Icons/Aqua LightsIdle.tiff"; sourceTree = "<group>"; };
		D45FEFCD0470257D00A87BC9 /* Aqua LightsReadWrite.tiff */ = {isa = PBXFileReference; lastKnownFileType = image.tiff; name = "Aqua LightsReadWrite.tiff"; path = "MenuExtras/MenuMeterDisk/Icons/Aqua LightsReadWrite.tiff"; sourceTree = "<group>"; };
		D45FEFCE0470257D00A87BC9 /* Aqua LightsWrite.tiff */ = {isa = PBXFileReference; lastKnownFileType = image.tiff; name = "Aqua LightsWrite.tiff"; path = "MenuExtras/MenuMeterDisk/Icons/Aqua LightsWrite.tiff"; sourceTree = "<group>"; };
		D45FEFCF0470257D00A87BC9 /* Aqua LightsRead.tiff */ = {isa = PBXFileReference; lastKnownFileType = image.tiff; name = "Aqua LightsRead.tiff"; path = "MenuExtras/MenuMeterDisk/Icons/Aqua LightsRead.tiff"; sourceTree = "<group>"; };
		D46BEA6F083FE2DE00E0BA9F /* nl */ = {isa = PBXFileReference; fileEncoding = 4; lastKnownFileType = text.plist.strings; lineEnding = 0; name = nl; path = MenuExtras/MenuMeterDisk/nl.lproj/Localizable.strings; sourceTree = "<group>"; };
		D46BEA72083FE33100E0BA9F /* nl */ = {isa = PBXFileReference; fileEncoding = 4; lastKnownFileType = text.plist.strings; lineEnding = 0; name = nl; path = MenuExtras/MenuMeterMem/nl.lproj/Localizable.strings; sourceTree = "<group>"; };
		D46BEA75083FE38400E0BA9F /* nl */ = {isa = PBXFileReference; fileEncoding = 4; lastKnownFileType = text.plist.strings; lineEnding = 0; name = nl; path = nl.lproj/Localizable.strings; sourceTree = "<group>"; };
		D476533303DB40CA00A87BC9 /* French */ = {isa = PBXFileReference; fileEncoding = 4; lastKnownFileType = text.plist.strings; lineEnding = 0; name = French; path = MenuExtras/MenuMeterCPU/French.lproj/Localizable.strings; sourceTree = "<group>"; };
		D476533403DB411800A87BC9 /* French */ = {isa = PBXFileReference; fileEncoding = 4; lastKnownFileType = text.plist.strings; lineEnding = 0; name = French; path = MenuExtras/MenuMeterDisk/French.lproj/Localizable.strings; sourceTree = "<group>"; };
		D476533503DB416400A87BC9 /* French */ = {isa = PBXFileReference; fileEncoding = 4; lastKnownFileType = text.plist.strings; lineEnding = 0; name = French; path = MenuExtras/MenuMeterMem/French.lproj/Localizable.strings; sourceTree = "<group>"; };
		D476533603DB41AF00A87BC9 /* French */ = {isa = PBXFileReference; fileEncoding = 4; lastKnownFileType = text.plist.strings; lineEnding = 0; name = French; path = French.lproj/Localizable.strings; sourceTree = "<group>"; };
		D477AAE803D4BB7D00A87BC9 /* MenuMeterCPUView.h */ = {isa = PBXFileReference; fileEncoding = 30; lastKnownFileType = sourcecode.c.h; name = MenuMeterCPUView.h; path = MenuExtras/MenuMeterCPU/MenuMeterCPUView.h; sourceTree = "<group>"; };
		D477AAE903D4BB7D00A87BC9 /* MenuMeterCPUView.m */ = {isa = PBXFileReference; fileEncoding = 30; lastKnownFileType = sourcecode.c.objc; name = MenuMeterCPUView.m; path = MenuExtras/MenuMeterCPU/MenuMeterCPUView.m; sourceTree = "<group>"; };
		D477AAEC03D4BB8600A87BC9 /* MenuMeterCPUExtra.m */ = {isa = PBXFileReference; fileEncoding = 30; lastKnownFileType = sourcecode.c.objc; name = MenuMeterCPUExtra.m; path = MenuExtras/MenuMeterCPU/MenuMeterCPUExtra.m; sourceTree = "<group>"; };
		D477AAED03D4BB8600A87BC9 /* MenuMeterCPUExtra.h */ = {isa = PBXFileReference; fileEncoding = 30; lastKnownFileType = sourcecode.c.h; name = MenuMeterCPUExtra.h; path = MenuExtras/MenuMeterCPU/MenuMeterCPUExtra.h; sourceTree = "<group>"; };
		D477AAF003D4BB9200A87BC9 /* MenuMeterCPUStats.h */ = {isa = PBXFileReference; fileEncoding = 30; lastKnownFileType = sourcecode.c.h; name = MenuMeterCPUStats.h; path = MenuExtras/MenuMeterCPU/MenuMeterCPUStats.h; sourceTree = "<group>"; };
		D477AAF103D4BB9200A87BC9 /* MenuMeterCPUStats.m */ = {isa = PBXFileReference; fileEncoding = 30; lastKnownFileType = sourcecode.c.objc; name = MenuMeterCPUStats.m; path = MenuExtras/MenuMeterCPU/MenuMeterCPUStats.m; sourceTree = "<group>"; };
		D477AAF403D4BB9D00A87BC9 /* MenuMeterUptime.h */ = {isa = PBXFileReference; fileEncoding = 30; lastKnownFileType = sourcecode.c.h; name = MenuMeterUptime.h; path = MenuExtras/MenuMeterCPU/MenuMeterUptime.h; sourceTree = "<group>"; };
		D477AAF503D4BB9D00A87BC9 /* MenuMeterUptime.m */ = {isa = PBXFileReference; fileEncoding = 30; lastKnownFileType = sourcecode.c.objc; name = MenuMeterUptime.m; path = MenuExtras/MenuMeterCPU/MenuMeterUptime.m; sourceTree = "<group>"; };
		D477AAFA03D4BEA900A87BC9 /* English */ = {isa = PBXFileReference; fileEncoding = 4; lastKnownFileType = text.plist.strings; lineEnding = 0; name = English; path = MenuExtras/MenuMeterCPU/English.lproj/Localizable.strings; sourceTree = "<group>"; };
		D478F451101A8AE100C79173 /* IOKit.framework */ = {isa = PBXFileReference; lastKnownFileType = wrapper.framework; name = IOKit.framework; path = System/Library/Frameworks/IOKit.framework; sourceTree = SDKROOT; };
		D48A784B10181DE6008E3207 /* AppleUndocumented.h */ = {isa = PBXFileReference; fileEncoding = 4; lastKnownFileType = sourcecode.c.h; name = AppleUndocumented.h; path = Common/AppleUndocumented.h; sourceTree = "<group>"; };
		D48A79F31018B051008E3207 /* MenuMeterWorkarounds.h */ = {isa = PBXFileReference; fileEncoding = 4; lastKnownFileType = sourcecode.c.h; name = MenuMeterWorkarounds.h; path = Common/MenuMeterWorkarounds.h; sourceTree = "<group>"; };
		D48A79F41018B051008E3207 /* MenuMeterWorkarounds.m */ = {isa = PBXFileReference; fileEncoding = 4; lastKnownFileType = sourcecode.c.objc; name = MenuMeterWorkarounds.m; path = Common/MenuMeterWorkarounds.m; sourceTree = "<group>"; };
		D4BBBF740463514700A804AF /* MenuMeterPowerMate.h */ = {isa = PBXFileReference; fileEncoding = 30; lastKnownFileType = sourcecode.c.h; name = MenuMeterPowerMate.h; path = Common/MenuMeterPowerMate.h; sourceTree = "<group>"; };
		D4BBBF750463514700A804AF /* MenuMeterPowerMate.m */ = {isa = PBXFileReference; fileEncoding = 30; lastKnownFileType = sourcecode.c.objc; name = MenuMeterPowerMate.m; path = Common/MenuMeterPowerMate.m; sourceTree = "<group>"; };
		D4BC478A03D5053500404110 /* Artistic License.rtf */ = {isa = PBXFileReference; lastKnownFileType = text.rtf; path = "Artistic License.rtf"; sourceTree = "<group>"; };
		D4D2ADD01910ABB3004E2469 /* Italian */ = {isa = PBXFileReference; fileEncoding = 4; lastKnownFileType = text.plist.strings; lineEnding = 0; name = Italian; path = MenuExtras/MenuMeterCPU/Italian.lproj/Localizable.strings; sourceTree = "<group>"; };
		D4D2ADD51910AC03004E2469 /* Italian */ = {isa = PBXFileReference; fileEncoding = 4; lastKnownFileType = text.plist.strings; lineEnding = 0; name = Italian; path = MenuExtras/MenuMeterDisk/Italian.lproj/Localizable.strings; sourceTree = "<group>"; };
		D4D2ADD81910AC5F004E2469 /* Italian */ = {isa = PBXFileReference; fileEncoding = 4; lastKnownFileType = text.plist.strings; lineEnding = 0; name = Italian; path = MenuExtras/MenuMeterMem/Italian.lproj/Localizable.strings; sourceTree = "<group>"; };
		D4D2ADDA1910AD0E004E2469 /* Italian */ = {isa = PBXFileReference; fileEncoding = 4; lastKnownFileType = text.plist.strings; lineEnding = 0; name = Italian; path = Italian.lproj/Localizable.strings; sourceTree = "<group>"; };
		D4D2ADDC1910AD95004E2469 /* Italian */ = {isa = PBXFileReference; fileEncoding = 4; lastKnownFileType = text.plist.strings; lineEnding = 0; name = Italian; path = Italian.lproj/Localizable.strings; sourceTree = "<group>"; };
		D4D2ADDF1910ADB8004E2469 /* Italian */ = {isa = PBXFileReference; lastKnownFileType = wrapper.nib; name = Italian; path = Italian.lproj/MenuMetersPref.nib; sourceTree = "<group>"; };
		D4D9D1F30644C7E200047FDD /* Disk ArrowsRead.tiff */ = {isa = PBXFileReference; lastKnownFileType = image.tiff; name = "Disk ArrowsRead.tiff"; path = "MenuExtras/MenuMeterDisk/Icons/Disk ArrowsRead.tiff"; sourceTree = "<group>"; };
		D4D9D1F40644C7E200047FDD /* Disk ArrowsReadWrite.tiff */ = {isa = PBXFileReference; lastKnownFileType = image.tiff; name = "Disk ArrowsReadWrite.tiff"; path = "MenuExtras/MenuMeterDisk/Icons/Disk ArrowsReadWrite.tiff"; sourceTree = "<group>"; };
		D4D9D1F50644C7E200047FDD /* Disk ArrowsWrite.tiff */ = {isa = PBXFileReference; lastKnownFileType = image.tiff; name = "Disk ArrowsWrite.tiff"; path = "MenuExtras/MenuMeterDisk/Icons/Disk ArrowsWrite.tiff"; sourceTree = "<group>"; };
		D4E4BF9004F333B100A87BC9 /* English */ = {isa = PBXFileReference; fileEncoding = 4; lastKnownFileType = text.plist.strings; lineEnding = 0; name = English; path = English.lproj/Localizable.strings; sourceTree = "<group>"; };
		D4E4BF9204F333B100A87BC9 /* English */ = {isa = PBXFileReference; lastKnownFileType = wrapper.nib; name = English; path = English.lproj/MenuMetersPref.nib; sourceTree = "<group>"; };
		D4E4BF9404F333B100A87BC9 /* French */ = {isa = PBXFileReference; fileEncoding = 4; lastKnownFileType = text.plist.strings; lineEnding = 0; name = French; path = French.lproj/Localizable.strings; sourceTree = "<group>"; };
		D4E4BF9504F333B100A87BC9 /* French */ = {isa = PBXFileReference; lastKnownFileType = wrapper.nib; name = French; path = French.lproj/MenuMetersPref.nib; sourceTree = "<group>"; };
		D4E4BF9B04F333B100A87BC9 /* MenuMetersPref.tiff */ = {isa = PBXFileReference; lastKnownFileType = image.tiff; path = MenuMetersPref.tiff; sourceTree = "<group>"; };
		D4E4BF9C04F333B100A87BC9 /* InfoPlist.strings */ = {isa = PBXFileReference; fileEncoding = 30; lastKnownFileType = text.plist.strings; path = InfoPlist.strings; sourceTree = "<group>"; };
		D4E4BFA004F333B100A87BC9 /* MenuMetersPref.h */ = {isa = PBXFileReference; fileEncoding = 30; lastKnownFileType = sourcecode.c.h; path = MenuMetersPref.h; sourceTree = "<group>"; };
		D4E4BFA104F333B100A87BC9 /* MenuMetersPref.m */ = {isa = PBXFileReference; fileEncoding = 4; lastKnownFileType = sourcecode.c.objc; path = MenuMetersPref.m; sourceTree = "<group>"; };
		D4E4BFA704F333B100A87BC9 /* CubeRootScale.tiff */ = {isa = PBXFileReference; lastKnownFileType = image.tiff; path = CubeRootScale.tiff; sourceTree = "<group>"; };
		D4E4BFA804F333B100A87BC9 /* LinearScale.tiff */ = {isa = PBXFileReference; lastKnownFileType = image.tiff; path = LinearScale.tiff; sourceTree = "<group>"; };
		D4E4BFA904F333B100A87BC9 /* LogScale.tiff */ = {isa = PBXFileReference; lastKnownFileType = image.tiff; path = LogScale.tiff; sourceTree = "<group>"; };
		D4E4BFAA04F333B100A87BC9 /* SquareRootScale.tiff */ = {isa = PBXFileReference; lastKnownFileType = image.tiff; path = SquareRootScale.tiff; sourceTree = "<group>"; };
		D4EAD0070608D20800503A52 /* MenuMeters FAQ.rtf */ = {isa = PBXFileReference; lastKnownFileType = text.rtf; path = "MenuMeters FAQ.rtf"; sourceTree = "<group>"; };
		D4ECB2CA05FE6FA500954E26 /* DefaultsBundleInfo.plist */ = {isa = PBXFileReference; fileEncoding = 30; lastKnownFileType = text.plist.xml; path = DefaultsBundleInfo.plist; sourceTree = "<group>"; };
		D4ECB2EB05FE704C00954E26 /* Info.plist */ = {isa = PBXFileReference; fileEncoding = 30; lastKnownFileType = text.plist.xml; path = Info.plist; sourceTree = "<group>"; };
		D4ECB30805FE70D200954E26 /* Info.plist */ = {isa = PBXFileReference; fileEncoding = 30; lastKnownFileType = text.plist.xml; name = Info.plist; path = MenuExtras/MenuMeterMem/Info.plist; sourceTree = "<group>"; };
		D4ECB36F05FE716900954E26 /* Info.plist */ = {isa = PBXFileReference; fileEncoding = 30; lastKnownFileType = text.plist.xml; name = Info.plist; path = MenuExtras/MenuMeterDisk/Info.plist; sourceTree = "<group>"; };
		D4ECB38E05FE71B000954E26 /* Info.plist */ = {isa = PBXFileReference; fileEncoding = 30; lastKnownFileType = text.plist.xml; name = Info.plist; path = MenuExtras/MenuMeterCPU/Info.plist; sourceTree = "<group>"; };
		D4ECB3B605FE72E100954E26 /* MenuMeters.prefPane */ = {isa = PBXFileReference; explicitFileType = wrapper.cfbundle; includeInIndex = 0; path = MenuMeters.prefPane; sourceTree = BUILT_PRODUCTS_DIR; };
		D4ECB3B705FE730000954E26 /* Info.plist */ = {isa = PBXFileReference; fileEncoding = 30; lastKnownFileType = text.plist.xml; path = Info.plist; sourceTree = "<group>"; };
		D4FC162003D26AAA00A87BC9 /* MenuMeterNetExtra.m */ = {isa = PBXFileReference; fileEncoding = 30; lastKnownFileType = sourcecode.c.objc; path = MenuMeterNetExtra.m; sourceTree = "<group>"; };
		D4FC162103D26AAA00A87BC9 /* MenuMeterNetConfig.h */ = {isa = PBXFileReference; fileEncoding = 30; lastKnownFileType = sourcecode.c.h; path = MenuMeterNetConfig.h; sourceTree = "<group>"; };
		D4FC162203D26AAA00A87BC9 /* MenuMeterNetView.m */ = {isa = PBXFileReference; fileEncoding = 30; lastKnownFileType = sourcecode.c.objc; path = MenuMeterNetView.m; sourceTree = "<group>"; };
		D4FC162303D26AAA00A87BC9 /* MenuMeterNetView.h */ = {isa = PBXFileReference; fileEncoding = 30; lastKnownFileType = sourcecode.c.h; path = MenuMeterNetView.h; sourceTree = "<group>"; };
		D4FC162403D26AAA00A87BC9 /* MenuMeterNetStats.m */ = {isa = PBXFileReference; fileEncoding = 30; lastKnownFileType = sourcecode.c.objc; path = MenuMeterNetStats.m; sourceTree = "<group>"; };
		D4FC162503D26AAA00A87BC9 /* MenuMeterNetStats.h */ = {isa = PBXFileReference; fileEncoding = 30; lastKnownFileType = sourcecode.c.h; path = MenuMeterNetStats.h; sourceTree = "<group>"; };
		D4FC162603D26AAA00A87BC9 /* MenuMeterNetExtra.h */ = {isa = PBXFileReference; fileEncoding = 30; lastKnownFileType = sourcecode.c.h; path = MenuMeterNetExtra.h; sourceTree = "<group>"; };
		D4FC162703D26AAA00A87BC9 /* MenuMeterNetConfig.m */ = {isa = PBXFileReference; fileEncoding = 30; lastKnownFileType = sourcecode.c.objc; path = MenuMeterNetConfig.m; sourceTree = "<group>"; };
		D4FC163403D26B0000A87BC9 /* English */ = {isa = PBXFileReference; fileEncoding = 4; lastKnownFileType = text.plist.strings; lineEnding = 0; name = English; path = English.lproj/Localizable.strings; sourceTree = "<group>"; };
/* End PBXFileReference section */

/* Begin PBXFrameworksBuildPhase section */
		3383C16D1B69B72500915D5D /* Frameworks */ = {
			isa = PBXFrameworksBuildPhase;
			buildActionMask = 2147483647;
			files = (
				3383C1871B69BACA00915D5D /* SystemUIPlugin.framework in Frameworks */,
			);
			runOnlyForDeploymentPostprocessing = 0;
		};
		D4ECB3AD05FE72E100954E26 /* Frameworks */ = {
			isa = PBXFrameworksBuildPhase;
			buildActionMask = 2147483647;
			files = (
				D403ADE40E04F18400348443 /* Cocoa.framework in Frameworks */,
				D403ADEC0E04F19C00348443 /* Carbon.framework in Frameworks */,
				D403ADF40E04F1E100348443 /* SystemConfiguration.framework in Frameworks */,
				D403ADF70E04F20400348443 /* ApplicationServices.framework in Frameworks */,
				D403AE000E04F23800348443 /* PreferencePanes.framework in Frameworks */,
				D41C27C910490E3300A8E325 /* IOKit.framework in Frameworks */,
				D46E02B9104BA13500BA590F /* Foundation.framework in Frameworks */,
			);
			runOnlyForDeploymentPostprocessing = 0;
		};
/* End PBXFrameworksBuildPhase section */

/* Begin PBXGroup section */
		3383C1711B69B72500915D5D /* MenuMetersApp */ = {
			isa = PBXGroup;
			children = (
				3383C1721B69B72500915D5D /* AppDelegate.h */,
				3383C1731B69B72600915D5D /* AppDelegate.m */,
				3383C1C11B69DB0D00915D5D /* MainMenu.xib */,
				3383C1781B69B72600915D5D /* Assets.xcassets */,
				33BA36D41B69E48300B4220E /* Resources */,
				3383C17D1B69B72600915D5D /* Info.plist */,
				3383C1751B69B72600915D5D /* Supporting Files */,
			);
			path = MenuMetersApp;
			sourceTree = "<group>";
		};
		3383C1751B69B72600915D5D /* Supporting Files */ = {
			isa = PBXGroup;
			children = (
				3383C1761B69B72600915D5D /* main.m */,
			);
			name = "Supporting Files";
			sourceTree = "<group>";
		};
		33BA36D41B69E48300B4220E /* Resources */ = {
			isa = PBXGroup;
			children = (
				3383C1DA1B69DD2D00915D5D /* English.lproj */,
				3383C1DB1B69DD2D00915D5D /* French.lproj */,
				3383C1DC1B69DD2D00915D5D /* German.lproj */,
				3383C1DD1B69DD2D00915D5D /* Italian.lproj */,
				3383C1DF1B69DD2D00915D5D /* Japanese.lproj */,
				3383C1E01B69DD2D00915D5D /* nl.lproj */,
				3383C1E11B69DD2D00915D5D /* zh_CN.lproj */,
			);
			name = Resources;
			sourceTree = "<group>";
		};
		D40DB4A303D25F2100A87BC9 = {
			isa = PBXGroup;
			children = (
				336B59401E03BA68006DA445 /* MenuMeters.pch */,
				D4510D7304F2F06100A87BC9 /* Docs */,
				D40DB4B303D25F9E00A87BC9 /* Common */,
				D40DB4A903D25F4C00A87BC9 /* MenuExtras */,
				D4BC478903D5053500404110 /* MenuCracker */,
				D4E4BF8B04F333B100A87BC9 /* PrefPane */,
				D40DB4B803D2600C00A87BC9 /* System Frameworks */,
				D40DB50803D262ED00A87BC9 /* System Private Frameworks */,
				3383C1711B69B72500915D5D /* MenuMetersApp */,
				D40DB4B003D25F6400A87BC9 /* Products */,
			);
			sourceTree = "<group>";
		};
		D40DB4A903D25F4C00A87BC9 /* MenuExtras */ = {
			isa = PBXGroup;
			children = (
				D477AAD603D4B9DE00A87BC9 /* MenuMeterCPU */,
				D42EC94703D498CC00A87BC9 /* MenuMeterDisk */,
				D45F12C503D4886000A87BC9 /* MenuMeterMem */,
				D40DB4CD03D2618F00A87BC9 /* MenuMeterNet */,
			);
			name = MenuExtras;
			sourceTree = "<group>";
		};
		D40DB4B003D25F6400A87BC9 /* Products */ = {
			isa = PBXGroup;
			children = (
				D4ECB3B605FE72E100954E26 /* MenuMeters.prefPane */,
				3383C1701B69B72500915D5D /* MenuMetersApp.app */,
			);
			name = Products;
			sourceTree = "<group>";
		};
		D40DB4B303D25F9E00A87BC9 /* Common */ = {
			isa = PBXGroup;
			children = (
				D48A784B10181DE6008E3207 /* AppleUndocumented.h */,
				3345DD2D1B6BEFDE003843FC /* MenuMetersMenuExtraBase.h */,
				3345DD2E1B6BEFDE003843FC /* MenuMetersMenuExtraBase.m */,
				D4510D9104F2F0FD00A87BC9 /* MenuMeters.h */,
				D40DB4C403D260E800A87BC9 /* MenuMeterCPU.h */,
				D40DB4C503D260E800A87BC9 /* MenuMeterDisk.h */,
				D40DB4C203D260E800A87BC9 /* MenuMeterMem.h */,
				D40DB4C603D260E800A87BC9 /* MenuMeterNet.h */,
				D432074803D3DCBA00A87BC9 /* MenuMeterDefaults.h */,
				D432074903D3DCBA00A87BC9 /* MenuMeterDefaults.m */,
				D4BBBF740463514700A804AF /* MenuMeterPowerMate.h */,
				D4BBBF750463514700A804AF /* MenuMeterPowerMate.m */,
				D48A79F31018B051008E3207 /* MenuMeterWorkarounds.h */,
				D48A79F41018B051008E3207 /* MenuMeterWorkarounds.m */,
				D4ECB2C905FE6FA500954E26 /* Resources */,
			);
			name = Common;
			sourceTree = "<group>";
		};
		D40DB4B803D2600C00A87BC9 /* System Frameworks */ = {
			isa = PBXGroup;
			children = (
				D403AD3B0E04E99C00348443 /* Foundation.framework */,
				D403ADE20E04F17900348443 /* Cocoa.framework */,
				D403ADEB0E04F19C00348443 /* Carbon.framework */,
				D403ADF30E04F1E100348443 /* SystemConfiguration.framework */,
				D403ADF60E04F20400348443 /* ApplicationServices.framework */,
				D403ADFF0E04F23800348443 /* PreferencePanes.framework */,
				D403AE140E04F27000348443 /* Security.framework */,
				D478F451101A8AE100C79173 /* IOKit.framework */,
			);
			name = "System Frameworks";
			sourceTree = "<group>";
		};
		D40DB4CD03D2618F00A87BC9 /* MenuMeterNet */ = {
			isa = PBXGroup;
			children = (
				D4FC162303D26AAA00A87BC9 /* MenuMeterNetView.h */,
				D4FC162203D26AAA00A87BC9 /* MenuMeterNetView.m */,
				D4FC162603D26AAA00A87BC9 /* MenuMeterNetExtra.h */,
				D4FC162003D26AAA00A87BC9 /* MenuMeterNetExtra.m */,
				D4FC162103D26AAA00A87BC9 /* MenuMeterNetConfig.h */,
				D4FC162703D26AAA00A87BC9 /* MenuMeterNetConfig.m */,
				D4FC162503D26AAA00A87BC9 /* MenuMeterNetStats.h */,
				D4FC162403D26AAA00A87BC9 /* MenuMeterNetStats.m */,
				D45B6FA203D3BACD00A87BC9 /* MenuMeterNetPPP.h */,
				D45B6FA103D3BACD00A87BC9 /* MenuMeterNetPPP.m */,
				D4FC161903D2697D00A87BC9 /* Resources */,
			);
			name = MenuMeterNet;
			path = MenuExtras/MenuMeterNet;
			sourceTree = "<group>";
		};
		D40DB50803D262ED00A87BC9 /* System Private Frameworks */ = {
			isa = PBXGroup;
			children = (
				D40DB50E03D2631100A87BC9 /* SystemUIPlugin.framework */,
			);
			name = "System Private Frameworks";
			sourceTree = "<group>";
		};
		D42EC94703D498CC00A87BC9 /* MenuMeterDisk */ = {
			isa = PBXGroup;
			children = (
				D42EC95A03D49AD900A87BC9 /* MenuMeterDiskView.h */,
				D42EC95903D49AD900A87BC9 /* MenuMeterDiskView.m */,
				D42EC95E03D49AE400A87BC9 /* MenuMeterDiskExtra.h */,
				D42EC95D03D49AE400A87BC9 /* MenuMeterDiskExtra.m */,
				D42EC96103D49AF000A87BC9 /* MenuMeterDiskIO.h */,
				D42EC96203D49AF000A87BC9 /* MenuMeterDiskIO.m */,
				D42EC96603D49AF700A87BC9 /* MenuMeterDiskSpace.h */,
				D42EC96503D49AF700A87BC9 /* MenuMeterDiskSpace.m */,
				D42EC97203D49B5A00A87BC9 /* Icons */,
				D42EC96903D49AFF00A87BC9 /* Resources */,
			);
			name = MenuMeterDisk;
			sourceTree = "<group>";
		};
		D42EC96903D49AFF00A87BC9 /* Resources */ = {
			isa = PBXGroup;
			children = (
				D4ECB36F05FE716900954E26 /* Info.plist */,
				D42EC96E03D49B1D00A87BC9 /* Localizable.strings */,
			);
			name = Resources;
			sourceTree = "<group>";
		};
		D42EC97203D49B5A00A87BC9 /* Icons */ = {
			isa = PBXGroup;
			children = (
				D42EC97303D49B6500A87BC9 /* ArrowsIdle.tiff */,
				D42EC97403D49B6500A87BC9 /* ArrowsReadWrite.tiff */,
				D42EC97503D49B6500A87BC9 /* ArrowsWrite.tiff */,
				D42EC97603D49B6500A87BC9 /* ArrowsRead.tiff */,
				D42EC97B03D49BD600A87BC9 /* Color ArrowsWrite.tiff */,
				D42EC97C03D49BD600A87BC9 /* Color ArrowsRead.tiff */,
				D42EC97D03D49BD600A87BC9 /* Color ArrowsIdle.tiff */,
				D42EC97E03D49BD600A87BC9 /* Color ArrowsReadWrite.tiff */,
				D42C6C861996D9BB005F87BD /* Dark ArrowsIdle.tiff */,
				D42C6C871996D9BB005F87BD /* Dark ArrowsRead.tiff */,
				D42C6C881996D9BB005F87BD /* Dark ArrowsReadWrite.tiff */,
				D42C6C891996D9BB005F87BD /* Dark ArrowsWrite.tiff */,
				D42C6C941996DA77005F87BD /* Dark Color ArrowsIdle.tiff */,
				D42C6C951996DA77005F87BD /* Dark Color ArrowsRead.tiff */,
				D42C6C961996DA77005F87BD /* Dark Color ArrowsReadWrite.tiff */,
				D42C6C971996DA77005F87BD /* Dark Color ArrowsWrite.tiff */,
				D42EC98303D49BDE00A87BC9 /* LightsWrite.tiff */,
				D42EC98403D49BDE00A87BC9 /* LightsIdle.tiff */,
				D42EC98503D49BDE00A87BC9 /* LightsRead.tiff */,
				D42EC98603D49BDE00A87BC9 /* LightsReadWrite.tiff */,
				D45FEFCC0470257D00A87BC9 /* Aqua LightsIdle.tiff */,
				D45FEFCD0470257D00A87BC9 /* Aqua LightsReadWrite.tiff */,
				D45FEFCE0470257D00A87BC9 /* Aqua LightsWrite.tiff */,
				D45FEFCF0470257D00A87BC9 /* Aqua LightsRead.tiff */,
				D4D9D1F30644C7E200047FDD /* Disk ArrowsRead.tiff */,
				D4D9D1F40644C7E200047FDD /* Disk ArrowsReadWrite.tiff */,
				D4D9D1F50644C7E200047FDD /* Disk ArrowsWrite.tiff */,
			);
			name = Icons;
			sourceTree = "<group>";
		};
		D4510D7304F2F06100A87BC9 /* Docs */ = {
			isa = PBXGroup;
			children = (
				D4510D7604F2F06100A87BC9 /* History.txt */,
				D4510D7704F2F06100A87BC9 /* MenuMeters Read Me.rtf */,
				D4EAD0070608D20800503A52 /* MenuMeters FAQ.rtf */,
				D4510D7804F2F06100A87BC9 /* MenuMeters Source ReadMe.rtf */,
				D4510D7504F2F06100A87BC9 /* GNU General Public License.rtf */,
			);
			path = Docs;
			sourceTree = "<group>";
		};
		D45F12C503D4886000A87BC9 /* MenuMeterMem */ = {
			isa = PBXGroup;
			children = (
				D45F12DA03D48A0800A87BC9 /* MenuMeterMemView.h */,
				D45F12DB03D48A0800A87BC9 /* MenuMeterMemView.m */,
				D45F12DE03D48A1300A87BC9 /* MenuMeterMemExtra.h */,
				D45F12DF03D48A1300A87BC9 /* MenuMeterMemExtra.m */,
				D45F12E303D48A1C00A87BC9 /* MenuMeterMemStats.h */,
				D45F12E203D48A1C00A87BC9 /* MenuMeterMemStats.m */,
				D45F12E603D48A2C00A87BC9 /* Resources */,
			);
			name = MenuMeterMem;
			sourceTree = "<group>";
		};
		D45F12E603D48A2C00A87BC9 /* Resources */ = {
			isa = PBXGroup;
			children = (
				D4ECB30805FE70D200954E26 /* Info.plist */,
				D45F12EB03D48A5400A87BC9 /* Localizable.strings */,
			);
			name = Resources;
			sourceTree = "<group>";
		};
		D477AAD603D4B9DE00A87BC9 /* MenuMeterCPU */ = {
			isa = PBXGroup;
			children = (
				D477AAE803D4BB7D00A87BC9 /* MenuMeterCPUView.h */,
				D477AAE903D4BB7D00A87BC9 /* MenuMeterCPUView.m */,
				D477AAED03D4BB8600A87BC9 /* MenuMeterCPUExtra.h */,
				D477AAEC03D4BB8600A87BC9 /* MenuMeterCPUExtra.m */,
				D477AAF003D4BB9200A87BC9 /* MenuMeterCPUStats.h */,
				D477AAF103D4BB9200A87BC9 /* MenuMeterCPUStats.m */,
				D477AAF403D4BB9D00A87BC9 /* MenuMeterUptime.h */,
				D477AAF503D4BB9D00A87BC9 /* MenuMeterUptime.m */,
				D477AAF803D4BE9700A87BC9 /* Resources */,
			);
			name = MenuMeterCPU;
			sourceTree = "<group>";
		};
		D477AAF803D4BE9700A87BC9 /* Resources */ = {
			isa = PBXGroup;
			children = (
				D4ECB38E05FE71B000954E26 /* Info.plist */,
				D477AAFF03D4BEB400A87BC9 /* Localizable.strings */,
			);
			name = Resources;
			sourceTree = "<group>";
		};
		D4BC478903D5053500404110 /* MenuCracker */ = {
			isa = PBXGroup;
			children = (
				D4BC478A03D5053500404110 /* Artistic License.rtf */,
				D41C27741048FE9B00A8E325 /* MenuCracker.menu */,
			);
			path = MenuCracker;
			sourceTree = "<group>";
		};
		D4E4BF8B04F333B100A87BC9 /* PrefPane */ = {
			isa = PBXGroup;
			children = (
				D4E4BFA004F333B100A87BC9 /* MenuMetersPref.h */,
				D4E4BFA104F333B100A87BC9 /* MenuMetersPref.m */,
				D4E4BFB904F333D000A87BC9 /* Resources */,
				9023745A1E91612100B096A8 /* InfoPlistPreprocessor.h */,
			);
			path = PrefPane;
			sourceTree = "<group>";
		};
		D4E4BF9904F333B100A87BC9 /* Icon */ = {
			isa = PBXGroup;
			children = (
				D4E4BF9B04F333B100A87BC9 /* MenuMetersPref.tiff */,
			);
			path = Icon;
			sourceTree = "<group>";
		};
		D4E4BFA504F333B100A87BC9 /* Scales */ = {
			isa = PBXGroup;
			children = (
				D4E4BFA704F333B100A87BC9 /* CubeRootScale.tiff */,
				D4E4BFA804F333B100A87BC9 /* LinearScale.tiff */,
				D4E4BFA904F333B100A87BC9 /* LogScale.tiff */,
				D4E4BFAA04F333B100A87BC9 /* SquareRootScale.tiff */,
			);
			path = Scales;
			sourceTree = "<group>";
		};
		D4E4BFB904F333D000A87BC9 /* Resources */ = {
			isa = PBXGroup;
			children = (
				D4ECB3B705FE730000954E26 /* Info.plist */,
				D4E4BF9C04F333B100A87BC9 /* InfoPlist.strings */,
				D4E4BF8F04F333B100A87BC9 /* Localizable.strings */,
				D4E4BF9104F333B100A87BC9 /* MenuMetersPref.nib */,
				D4E4BF9904F333B100A87BC9 /* Icon */,
				D4E4BFA504F333B100A87BC9 /* Scales */,
			);
			name = Resources;
			sourceTree = "<group>";
		};
		D4ECB2C905FE6FA500954E26 /* Resources */ = {
			isa = PBXGroup;
			children = (
				D4ECB2CA05FE6FA500954E26 /* DefaultsBundleInfo.plist */,
			);
			name = Resources;
			path = Common/Resources;
			sourceTree = "<group>";
		};
		D4FC161903D2697D00A87BC9 /* Resources */ = {
			isa = PBXGroup;
			children = (
				D4ECB2EB05FE704C00954E26 /* Info.plist */,
				D4FC163603D26B0800A87BC9 /* Localizable.strings */,
			);
			name = Resources;
			sourceTree = "<group>";
		};
/* End PBXGroup section */

/* Begin PBXHeadersBuildPhase section */
		D4ECB39605FE72E100954E26 /* Headers */ = {
			isa = PBXHeadersBuildPhase;
			buildActionMask = 2147483647;
			files = (
				D4ECB39705FE72E100954E26 /* MenuMeterCPU.h in Headers */,
				336B59431E03BA68006DA445 /* MenuMeters.pch in Headers */,
				D4ECB39805FE72E100954E26 /* MenuMeterDisk.h in Headers */,
				D4ECB39905FE72E100954E26 /* MenuMeterMem.h in Headers */,
				D4ECB39A05FE72E100954E26 /* MenuMeterNet.h in Headers */,
				D4ECB39B05FE72E100954E26 /* MenuMeterDefaults.h in Headers */,
				9023745B1E91612100B096A8 /* InfoPlistPreprocessor.h in Headers */,
				D4ECB39C05FE72E100954E26 /* MenuMeterPowerMate.h in Headers */,
				D4ECB39D05FE72E100954E26 /* MenuMeters.h in Headers */,
				D4ECB39E05FE72E100954E26 /* MenuMetersPref.h in Headers */,
			);
			runOnlyForDeploymentPostprocessing = 0;
		};
/* End PBXHeadersBuildPhase section */

/* Begin PBXNativeTarget section */
		3383C16F1B69B72500915D5D /* MenuMetersApp */ = {
			isa = PBXNativeTarget;
			buildConfigurationList = 3383C1801B69B72600915D5D /* Build configuration list for PBXNativeTarget "MenuMetersApp" */;
			buildPhases = (
				3383C16C1B69B72500915D5D /* Sources */,
				3383C16D1B69B72500915D5D /* Frameworks */,
				3383C16E1B69B72500915D5D /* Resources */,
			);
			buildRules = (
			);
			dependencies = (
			);
			name = MenuMetersApp;
			productName = MenuMetersApp;
			productReference = 3383C1701B69B72500915D5D /* MenuMetersApp.app */;
			productType = "com.apple.product-type.application";
		};
		D4ECB39105FE72E100954E26 /* PrefPane */ = {
			isa = PBXNativeTarget;
			buildConfigurationList = D4AFB339087726B20023B640 /* Build configuration list for PBXNativeTarget "PrefPane" */;
			buildPhases = (
				D4ECB39605FE72E100954E26 /* Headers */,
				D4ECB39F05FE72E100954E26 /* Resources */,
				D4ECB3A905FE72E100954E26 /* Sources */,
				D4ECB3AD05FE72E100954E26 /* Frameworks */,
				D4ECB3B305FE72E100954E26 /* Rez */,
				D4A20EF2177970FD00FD70EB /* Recopy Signed Bundles */,
			);
			buildRules = (
			);
			dependencies = (
				3345DD2B1B6BE7A8003843FC /* PBXTargetDependency */,
			);
			name = PrefPane;
			productInstallPath = "$(USER_LIBRARY_DIR)/Bundles";
			productName = MenuMeterPref;
			productReference = D4ECB3B605FE72E100954E26 /* MenuMeters.prefPane */;
			productType = "com.apple.product-type.bundle";
		};
/* End PBXNativeTarget section */

/* Begin PBXProject section */
		D40DB4A703D25F2100A87BC9 /* Project object */ = {
			isa = PBXProject;
			attributes = {
				LastUpgradeCheck = 0900;
				TargetAttributes = {
					3383C16F1B69B72500915D5D = {
						CreatedOnToolsVersion = 7.0;
						DevelopmentTeam = 95AQ7YKR5A;
					};
				};
			};
			buildConfigurationList = D4AFB342087726B20023B640 /* Build configuration list for PBXProject "MenuMeters" */;
			compatibilityVersion = "Xcode 3.2";
			developmentRegion = English;
			hasScannedForEncodings = 1;
			knownRegions = (
				English,
				Japanese,
				French,
				German,
				nl,
				Italian,
				cs,
				zh_CN,
				en,
				fr,
				de,
				it,
				"zh-Hans",
				ja,
			);
			mainGroup = D40DB4A303D25F2100A87BC9;
			productRefGroup = D40DB4B003D25F6400A87BC9 /* Products */;
			projectDirPath = "";
			projectRoot = "";
			targets = (
				D4ECB39105FE72E100954E26 /* PrefPane */,
				3383C16F1B69B72500915D5D /* MenuMetersApp */,
			);
		};
/* End PBXProject section */

/* Begin PBXResourcesBuildPhase section */
		3383C16E1B69B72500915D5D /* Resources */ = {
			isa = PBXResourcesBuildPhase;
			buildActionMask = 2147483647;
			files = (
				3383C1971B69D8D000915D5D /* ArrowsIdle.tiff in Resources */,
				3383C1981B69D8D000915D5D /* ArrowsReadWrite.tiff in Resources */,
				3383C1991B69D8D000915D5D /* ArrowsWrite.tiff in Resources */,
				3383C1E21B69DD2D00915D5D /* English.lproj in Resources */,
				3383C19A1B69D8D000915D5D /* ArrowsRead.tiff in Resources */,
				3383C19B1B69D8D000915D5D /* Color ArrowsWrite.tiff in Resources */,
				3383C19C1B69D8D000915D5D /* Color ArrowsRead.tiff in Resources */,
				3383C1E91B69DD2D00915D5D /* zh_CN.lproj in Resources */,
				3383C1E71B69DD2D00915D5D /* Japanese.lproj in Resources */,
				3383C19D1B69D8D000915D5D /* Color ArrowsIdle.tiff in Resources */,
				3383C1E41B69DD2D00915D5D /* German.lproj in Resources */,
				3383C19E1B69D8D000915D5D /* Color ArrowsReadWrite.tiff in Resources */,
				3383C19F1B69D8D000915D5D /* Dark ArrowsIdle.tiff in Resources */,
				3383C1A01B69D8D000915D5D /* Dark ArrowsRead.tiff in Resources */,
				3383C1A11B69D8D000915D5D /* Dark ArrowsReadWrite.tiff in Resources */,
				3383C1A21B69D8D000915D5D /* Dark ArrowsWrite.tiff in Resources */,
				3383C1A31B69D8D000915D5D /* Dark Color ArrowsIdle.tiff in Resources */,
				3383C1A41B69D8D000915D5D /* Dark Color ArrowsRead.tiff in Resources */,
				3383C1E81B69DD2D00915D5D /* nl.lproj in Resources */,
				3383C1A51B69D8D000915D5D /* Dark Color ArrowsReadWrite.tiff in Resources */,
				3383C1A61B69D8D000915D5D /* Dark Color ArrowsWrite.tiff in Resources */,
				3383C1A71B69D8D000915D5D /* LightsWrite.tiff in Resources */,
				3383C1A81B69D8D000915D5D /* LightsIdle.tiff in Resources */,
				3383C1A91B69D8D000915D5D /* LightsRead.tiff in Resources */,
				3383C1AA1B69D8D000915D5D /* LightsReadWrite.tiff in Resources */,
				3383C1E31B69DD2D00915D5D /* French.lproj in Resources */,
				3383C1AB1B69D8D000915D5D /* Aqua LightsIdle.tiff in Resources */,
				3383C1E51B69DD2D00915D5D /* Italian.lproj in Resources */,
				3383C1AC1B69D8D000915D5D /* Aqua LightsReadWrite.tiff in Resources */,
				33281A4A1B6BFB05001EA811 /* Assets.xcassets in Resources */,
				3383C1AD1B69D8D000915D5D /* Aqua LightsWrite.tiff in Resources */,
				3383C1AE1B69D8D000915D5D /* Aqua LightsRead.tiff in Resources */,
				3383C1AF1B69D8D000915D5D /* Disk ArrowsRead.tiff in Resources */,
				3383C1B01B69D8D000915D5D /* Disk ArrowsReadWrite.tiff in Resources */,
				3383C1B11B69D8D000915D5D /* Disk ArrowsWrite.tiff in Resources */,
				33281A491B6BFB01001EA811 /* MainMenu.xib in Resources */,
			);
			runOnlyForDeploymentPostprocessing = 0;
		};
		D4ECB39F05FE72E100954E26 /* Resources */ = {
			isa = PBXResourcesBuildPhase;
			buildActionMask = 2147483647;
			files = (
				D4ECB3A105FE72E100954E26 /* Localizable.strings in Resources */,
				D4ECB3A205FE72E100954E26 /* MenuMetersPref.nib in Resources */,
				D4ECB3A305FE72E100954E26 /* MenuMetersPref.tiff in Resources */,
				D4ECB3A405FE72E100954E26 /* InfoPlist.strings in Resources */,
				D4ECB3A505FE72E100954E26 /* CubeRootScale.tiff in Resources */,
				D4ECB3A605FE72E100954E26 /* LinearScale.tiff in Resources */,
				D4ECB3A705FE72E100954E26 /* LogScale.tiff in Resources */,
				D4ECB3A805FE72E100954E26 /* SquareRootScale.tiff in Resources */,
				3345DD2C1B6BE7DB003843FC /* MenuMetersApp.app in Resources */,
			);
			runOnlyForDeploymentPostprocessing = 0;
		};
/* End PBXResourcesBuildPhase section */

/* Begin PBXRezBuildPhase section */
		D4ECB3B305FE72E100954E26 /* Rez */ = {
			isa = PBXRezBuildPhase;
			buildActionMask = 2147483647;
			files = (
			);
			runOnlyForDeploymentPostprocessing = 0;
		};
/* End PBXRezBuildPhase section */

/* Begin PBXShellScriptBuildPhase section */
		D4A20EF2177970FD00FD70EB /* Recopy Signed Bundles */ = {
			isa = PBXShellScriptBuildPhase;
			buildActionMask = 2147483647;
			files = (
			);
			inputPaths = (
			);
			name = "Recopy Signed Bundles";
			outputPaths = (
			);
			runOnlyForDeploymentPostprocessing = 0;
			shellPath = /bin/sh;
			shellScript = "# Workaround Xcode bug where \"Copy Bundle Resources\" changes code signed binaries by copying them again.\nexit 0\nset -e\ncd \"${BUILT_PRODUCTS_DIR}\"\nrsync -rltE --delete --force \"MenuMeterDefaults.bundle/\" \"${UNLOCALIZED_RESOURCES_FOLDER_PATH}/MenuMeterDefaults.bundle/\"\nrsync -rltE --delete --force \"MenuMeterNet.menu/\" \"${UNLOCALIZED_RESOURCES_FOLDER_PATH}/MenuMeterNet.menu/\"\nrsync -rltE --delete --force \"MenuMeterMem.menu/\" \"${UNLOCALIZED_RESOURCES_FOLDER_PATH}/MenuMeterMem.menu/\"\nrsync -rltE --delete --force \"MenuMeterDisk.menu/\" \"${UNLOCALIZED_RESOURCES_FOLDER_PATH}/MenuMeterDisk.menu/\"\nrsync -rltE --delete --force \"MenuMeterCPU.menu/\" \"${UNLOCALIZED_RESOURCES_FOLDER_PATH}/MenuMeterCPU.menu/\"\nrsync -rltE --delete --force \"${PROJECT_DIR}/MenuCracker/MenuCracker.menu/\" \"${UNLOCALIZED_RESOURCES_FOLDER_PATH}/MenuCracker.menu/\"\n";
		};
/* End PBXShellScriptBuildPhase section */

/* Begin PBXSourcesBuildPhase section */
		3383C16C1B69B72500915D5D /* Sources */ = {
			isa = PBXSourcesBuildPhase;
			buildActionMask = 2147483647;
			files = (
				3383C1951B69C78B00915D5D /* MenuMeterDiskExtra.m in Sources */,
				3383C1831B69B88800915D5D /* MenuMeterWorkarounds.m in Sources */,
				3383C1771B69B72600915D5D /* main.m in Sources */,
				3383C1821B69B88500915D5D /* MenuMeterPowerMate.m in Sources */,
				3383C1881B69BF7700915D5D /* MenuMeterCPUExtra.m in Sources */,
				3383C18C1B69C75F00915D5D /* MenuMeterMemExtra.m in Sources */,
				332B0F8F1E0381780020CCBB /* MenuMeterDefaults.m in Sources */,
				3383C1841B69B88C00915D5D /* MenuMeterCPUStats.m in Sources */,
				3345DD2F1B6BEFDE003843FC /* MenuMetersMenuExtraBase.m in Sources */,
				3383C1851B69B89100915D5D /* MenuMeterUptime.m in Sources */,
				3383C18B1B69C75A00915D5D /* MenuMeterMemStats.m in Sources */,
				3383C1931B69C78600915D5D /* MenuMeterDiskSpace.m in Sources */,
				3383C1941B69C78800915D5D /* MenuMeterDiskIO.m in Sources */,
				3383C1741B69B72600915D5D /* AppDelegate.m in Sources */,
				3383C18E1B69C77100915D5D /* MenuMeterNetPPP.m in Sources */,
				3383C18D1B69C76200915D5D /* MenuMeterMemView.m in Sources */,
				3383C1911B69C77B00915D5D /* MenuMeterNetExtra.m in Sources */,
				3383C1921B69C77E00915D5D /* MenuMeterNetView.m in Sources */,
				3383C1901B69C77800915D5D /* MenuMeterNetConfig.m in Sources */,
				3383C1961B69C78E00915D5D /* MenuMeterDiskView.m in Sources */,
				3383C18F1B69C77500915D5D /* MenuMeterNetStats.m in Sources */,
				3383C1861B69B97E00915D5D /* MenuMeterCPUView.m in Sources */,
			);
			runOnlyForDeploymentPostprocessing = 0;
		};
		D4ECB3A905FE72E100954E26 /* Sources */ = {
			isa = PBXSourcesBuildPhase;
			buildActionMask = 2147483647;
			files = (
				D4ECB3AA05FE72E100954E26 /* MenuMeterDefaults.m in Sources */,
				D4ECB3AB05FE72E100954E26 /* MenuMeterPowerMate.m in Sources */,
				D4ECB3AC05FE72E100954E26 /* MenuMetersPref.m in Sources */,
				D4E8531319F6CD0300E25BBC /* MenuMeterWorkarounds.m in Sources */,
			);
			runOnlyForDeploymentPostprocessing = 0;
		};
/* End PBXSourcesBuildPhase section */

/* Begin PBXTargetDependency section */
		3345DD2B1B6BE7A8003843FC /* PBXTargetDependency */ = {
			isa = PBXTargetDependency;
			target = 3383C16F1B69B72500915D5D /* MenuMetersApp */;
			targetProxy = 3345DD2A1B6BE7A8003843FC /* PBXContainerItemProxy */;
		};
/* End PBXTargetDependency section */

/* Begin PBXVariantGroup section */
		D42EC96E03D49B1D00A87BC9 /* Localizable.strings */ = {
			isa = PBXVariantGroup;
			children = (
				D42EC96A03D49B1700A87BC9 /* English */,
				D476533403DB411800A87BC9 /* French */,
				D46BEA6F083FE2DE00E0BA9F /* nl */,
				D4D2ADD51910AC03004E2469 /* Italian */,
				D4050C3919BFF73500DB69A4 /* German */,
				D4157AC219D13DAC008BD05F /* Japanese */,
			);
			name = Localizable.strings;
			sourceTree = "<group>";
		};
		D45F12EB03D48A5400A87BC9 /* Localizable.strings */ = {
			isa = PBXVariantGroup;
			children = (
				D45F12E703D48A4E00A87BC9 /* English */,
				D476533503DB416400A87BC9 /* French */,
				D46BEA72083FE33100E0BA9F /* nl */,
				D4D2ADD81910AC5F004E2469 /* Italian */,
				D4050C3A19BFF74100DB69A4 /* German */,
				D4157AC119D13D73008BD05F /* Japanese */,
			);
			name = Localizable.strings;
			sourceTree = "<group>";
		};
		D477AAFF03D4BEB400A87BC9 /* Localizable.strings */ = {
			isa = PBXVariantGroup;
			children = (
				D477AAFA03D4BEA900A87BC9 /* English */,
				D476533303DB40CA00A87BC9 /* French */,
				D40271BE083D9C0500D09108 /* nl */,
				D4D2ADD01910ABB3004E2469 /* Italian */,
				D4050C3819BFF72800DB69A4 /* German */,
				D4157AC319D13DD9008BD05F /* Japanese */,
			);
			name = Localizable.strings;
			sourceTree = "<group>";
		};
		D4E4BF8F04F333B100A87BC9 /* Localizable.strings */ = {
			isa = PBXVariantGroup;
			children = (
				D4E4BF9004F333B100A87BC9 /* English */,
				D4E4BF9404F333B100A87BC9 /* French */,
				D40271B8083D928600D09108 /* nl */,
				D4D2ADDC1910AD95004E2469 /* Italian */,
				D4050C3D19BFF75B00DB69A4 /* German */,
				D4157ABD19D13C18008BD05F /* Japanese */,
			);
			name = Localizable.strings;
			sourceTree = "<group>";
		};
		D4E4BF9104F333B100A87BC9 /* MenuMetersPref.nib */ = {
			isa = PBXVariantGroup;
			children = (
				D4E4BF9204F333B100A87BC9 /* English */,
				D4E4BF9504F333B100A87BC9 /* French */,
				D40271BB083D92C500D09108 /* nl */,
				D4D2ADDF1910ADB8004E2469 /* Italian */,
				D4050C3E19BFF76100DB69A4 /* German */,
				D4157ABE19D13C92008BD05F /* Japanese */,
			);
			name = MenuMetersPref.nib;
			sourceTree = "<group>";
		};
		D4FC163603D26B0800A87BC9 /* Localizable.strings */ = {
			isa = PBXVariantGroup;
			children = (
				D4FC163403D26B0000A87BC9 /* English */,
				D476533603DB41AF00A87BC9 /* French */,
				D46BEA75083FE38400E0BA9F /* nl */,
				D4D2ADDA1910AD0E004E2469 /* Italian */,
				D4050C3B19BFF74900DB69A4 /* German */,
				D4157AC019D13D4D008BD05F /* Japanese */,
			);
			name = Localizable.strings;
			sourceTree = "<group>";
		};
/* End PBXVariantGroup section */

/* Begin XCBuildConfiguration section */
		3383C17E1B69B72600915D5D /* Release */ = {
			isa = XCBuildConfiguration;
			buildSettings = {
				ALWAYS_SEARCH_USER_PATHS = NO;
				ASSETCATALOG_COMPILER_APPICON_NAME = AppIcon;
				CLANG_CXX_LANGUAGE_STANDARD = "gnu++0x";
				CLANG_CXX_LIBRARY = "libc++";
				CLANG_ENABLE_MODULES = YES;
				CLANG_ENABLE_OBJC_ARC = YES;
				CLANG_WARN_BOOL_CONVERSION = YES;
				CLANG_WARN_CONSTANT_CONVERSION = YES;
				CLANG_WARN_DIRECT_OBJC_ISA_USAGE = YES_ERROR;
				CLANG_WARN_EMPTY_BODY = YES;
				CLANG_WARN_ENUM_CONVERSION = YES;
				CLANG_WARN_INT_CONVERSION = YES;
				CLANG_WARN_OBJC_ROOT_CLASS = YES_ERROR;
				CLANG_WARN_UNREACHABLE_CODE = YES;
				CLANG_WARN__DUPLICATE_METHOD_MATCH = YES;
				CODE_SIGN_IDENTITY = "";
				"CODE_SIGN_IDENTITY[sdk=macosx*]" = "";
				COMBINE_HIDPI_IMAGES = YES;
				COPY_PHASE_STRIP = NO;
				DEBUG_INFORMATION_FORMAT = "dwarf-with-dsym";
				DSTROOT = "/tmp/$(PROJECT_NAME)App.dst";
				ENABLE_NS_ASSERTIONS = NO;
				ENABLE_STRICT_OBJC_MSGSEND = YES;
				FRAMEWORK_SEARCH_PATHS = (
					"$(inherited)",
					"$(SYSTEM_LIBRARY_DIR)/PrivateFrameworks",
				);
				GCC_C_LANGUAGE_STANDARD = gnu99;
				GCC_NO_COMMON_BLOCKS = YES;
				GCC_PREFIX_HEADER = MenuMeters.pch;
				GCC_PREPROCESSOR_DEFINITIONS = (
					"ELCAPITAN=1",
					"$(inherited)",
				);
				GCC_VERSION = "";
				GCC_WARN_64_TO_32_BIT_CONVERSION = YES;
				GCC_WARN_ABOUT_DEPRECATED_FUNCTIONS = NO;
				GCC_WARN_ABOUT_RETURN_TYPE = YES_ERROR;
				GCC_WARN_UNDECLARED_SELECTOR = YES;
				GCC_WARN_UNINITIALIZED_AUTOS = YES_AGGRESSIVE;
				GCC_WARN_UNUSED_FUNCTION = YES;
				GCC_WARN_UNUSED_VARIABLE = YES;
				INFOPLIST_FILE = MenuMetersApp/Info.plist;
				INFOPLIST_PREFIX_HEADER = ./PrefPane/InfoPlistPreprocessor.h;
				INFOPLIST_PREPROCESS = YES;
				LD_RUNPATH_SEARCH_PATHS = "$(inherited) @executable_path/../Frameworks";
				MACOSX_DEPLOYMENT_TARGET = 10.10;
				MTL_ENABLE_DEBUG_INFO = NO;
				ONLY_ACTIVE_ARCH = YES;
				PRODUCT_BUNDLE_IDENTIFIER = com.yujitach.MenuMetersApp;
				PRODUCT_NAME = "$(TARGET_NAME)";
				PROVISIONING_PROFILE = "";
				SDKROOT = macosx;
			};
			name = Release;
		};
		3383C17F1B69B72600915D5D /* Debug */ = {
			isa = XCBuildConfiguration;
			buildSettings = {
				ALWAYS_SEARCH_USER_PATHS = NO;
				ASSETCATALOG_COMPILER_APPICON_NAME = AppIcon;
				CLANG_CXX_LANGUAGE_STANDARD = "gnu++0x";
				CLANG_CXX_LIBRARY = "libc++";
				CLANG_ENABLE_MODULES = YES;
				CLANG_ENABLE_OBJC_ARC = YES;
				CLANG_WARN_BOOL_CONVERSION = YES;
				CLANG_WARN_CONSTANT_CONVERSION = YES;
				CLANG_WARN_DIRECT_OBJC_ISA_USAGE = YES_ERROR;
				CLANG_WARN_EMPTY_BODY = YES;
				CLANG_WARN_ENUM_CONVERSION = YES;
				CLANG_WARN_INT_CONVERSION = YES;
				CLANG_WARN_OBJC_ROOT_CLASS = YES_ERROR;
				CLANG_WARN_UNREACHABLE_CODE = YES;
				CLANG_WARN__DUPLICATE_METHOD_MATCH = YES;
				CODE_SIGN_IDENTITY = "";
				"CODE_SIGN_IDENTITY[sdk=macosx*]" = "";
				COMBINE_HIDPI_IMAGES = YES;
				COPY_PHASE_STRIP = NO;
				DEBUG_INFORMATION_FORMAT = dwarf;
				DSTROOT = "/tmp/$(PROJECT_NAME)App.dst";
				ENABLE_STRICT_OBJC_MSGSEND = YES;
				ENABLE_TESTABILITY = YES;
				FRAMEWORK_SEARCH_PATHS = (
					"$(inherited)",
					"$(SYSTEM_LIBRARY_DIR)/PrivateFrameworks",
				);
				GCC_C_LANGUAGE_STANDARD = gnu99;
				GCC_DYNAMIC_NO_PIC = NO;
				GCC_NO_COMMON_BLOCKS = YES;
				GCC_PREFIX_HEADER = MenuMeters.pch;
				GCC_PREPROCESSOR_DEFINITIONS = (
					"ELCAPITAN=1",
					"DEBUG=1",
					"$(inherited)",
				);
				GCC_VERSION = "";
				GCC_WARN_64_TO_32_BIT_CONVERSION = YES;
				GCC_WARN_ABOUT_DEPRECATED_FUNCTIONS = NO;
				GCC_WARN_ABOUT_RETURN_TYPE = YES_ERROR;
				GCC_WARN_UNDECLARED_SELECTOR = YES;
				GCC_WARN_UNINITIALIZED_AUTOS = YES_AGGRESSIVE;
				GCC_WARN_UNUSED_FUNCTION = YES;
				GCC_WARN_UNUSED_VARIABLE = YES;
				INFOPLIST_FILE = MenuMetersApp/Info.plist;
				INFOPLIST_PREFIX_HEADER = ./PrefPane/InfoPlistPreprocessor.h;
				INFOPLIST_PREPROCESS = YES;
				LD_RUNPATH_SEARCH_PATHS = "$(inherited) @executable_path/../Frameworks";
				MACOSX_DEPLOYMENT_TARGET = 10.10;
				MTL_ENABLE_DEBUG_INFO = YES;
				ONLY_ACTIVE_ARCH = YES;
				PRODUCT_BUNDLE_IDENTIFIER = com.yujitach.MenuMetersApp;
				PRODUCT_NAME = "$(TARGET_NAME)";
				PROVISIONING_PROFILE = "";
				SDKROOT = macosx;
			};
			name = Debug;
		};
		D4AFB33A087726B20023B640 /* Release */ = {
			isa = XCBuildConfiguration;
			buildSettings = {
				CLANG_ENABLE_OBJC_ARC = YES;
				DEPLOYMENT_LOCATION = YES;
				DSTROOT = "/tmp/$(PROJECT_NAME).dst";
				GCC_ENABLE_OBJC_GC = unsupported;
				GCC_PREFIX_HEADER = MenuMeters.pch;
				GCC_WARN_ABOUT_DEPRECATED_FUNCTIONS = NO;
				INFOPLIST_FILE = PrefPane/Info.plist;
				INFOPLIST_PREFIX_HEADER = ./PrefPane/InfoPlistPreprocessor.h;
				INFOPLIST_PREPROCESS = YES;
				INSTALL_PATH = "$(LOCAL_LIBRARY_DIR)/PreferencePanes";
				MACOSX_DEPLOYMENT_TARGET = 10.10;
				ONLY_ACTIVE_ARCH = YES;
				OTHER_CFLAGS = "-DELCAPITAN";
				PRODUCT_BUNDLE_IDENTIFIER = com.yujitach.MenuMeters;
				PRODUCT_NAME = MenuMeters;
				SDKROOT = macosx;
				WRAPPER_EXTENSION = prefPane;
			};
			name = Release;
		};
		D4AFB343087726B20023B640 /* Release */ = {
			isa = XCBuildConfiguration;
			buildSettings = {
				CLANG_ANALYZER_LOCALIZABILITY_NONLOCALIZED = YES;
				CLANG_WARN_BLOCK_CAPTURE_AUTORELEASING = YES;
				CLANG_WARN_BOOL_CONVERSION = YES;
				CLANG_WARN_COMMA = YES;
				CLANG_WARN_CONSTANT_CONVERSION = YES;
				CLANG_WARN_EMPTY_BODY = YES;
				CLANG_WARN_ENUM_CONVERSION = YES;
				CLANG_WARN_INFINITE_RECURSION = YES;
				CLANG_WARN_INT_CONVERSION = YES;
				CLANG_WARN_NON_LITERAL_NULL_CONVERSION = YES;
				CLANG_WARN_OBJC_LITERAL_CONVERSION = YES;
				CLANG_WARN_RANGE_LOOP_ANALYSIS = YES;
				CLANG_WARN_STRICT_PROTOTYPES = YES;
				CLANG_WARN_SUSPICIOUS_MOVE = YES;
				CLANG_WARN_UNREACHABLE_CODE = YES;
				CLANG_WARN__DUPLICATE_METHOD_MATCH = YES;
				CODE_SIGN_IDENTITY = "";
				DEAD_CODE_STRIPPING = YES;
				ENABLE_STRICT_OBJC_MSGSEND = YES;
				FRAMEWORK_SEARCH_PATHS = "$(SYSTEM_LIBRARY_DIR)/PrivateFrameworks";
				GCC_C_LANGUAGE_STANDARD = c99;
				GCC_GENERATE_DEBUGGING_SYMBOLS = NO;
				GCC_NO_COMMON_BLOCKS = YES;
				GCC_OPTIMIZATION_LEVEL = s;
				GCC_PRECOMPILE_PREFIX_HEADER = YES;
				GCC_PREFIX_HEADER = MenuMeters.pch;
				GCC_VERSION = "";
				GCC_WARN_64_TO_32_BIT_CONVERSION = YES;
				GCC_WARN_ABOUT_RETURN_TYPE = YES;
				GCC_WARN_UNDECLARED_SELECTOR = YES;
				GCC_WARN_UNINITIALIZED_AUTOS = YES;
				GCC_WARN_UNUSED_FUNCTION = YES;
				GCC_WARN_UNUSED_VARIABLE = YES;
				MACOSX_DEPLOYMENT_TARGET = 10.10;
				"MACOSX_DEPLOYMENT_TARGET[sdk=macosx10.4][arch=ppc]" = 10.2;
				"MACOSX_DEPLOYMENT_TARGET[sdk=macosx10.5][arch=*]" = 10.5;
				PREBINDING = NO;
				SDKROOT = macosx;
				SEPARATE_STRIP = YES;
				WARNING_CFLAGS = (
					"-Wall",
					"-Werror",
					"-Wshorten-64-to-32",
				);
			};
			name = Release;
		};
		D4CD20430D88E34100481A51 /* Debug */ = {
			isa = XCBuildConfiguration;
			buildSettings = {
				CLANG_ANALYZER_LOCALIZABILITY_NONLOCALIZED = YES;
				CLANG_WARN_BLOCK_CAPTURE_AUTORELEASING = YES;
				CLANG_WARN_BOOL_CONVERSION = YES;
				CLANG_WARN_COMMA = YES;
				CLANG_WARN_CONSTANT_CONVERSION = YES;
				CLANG_WARN_EMPTY_BODY = YES;
				CLANG_WARN_ENUM_CONVERSION = YES;
				CLANG_WARN_INFINITE_RECURSION = YES;
				CLANG_WARN_INT_CONVERSION = YES;
				CLANG_WARN_NON_LITERAL_NULL_CONVERSION = YES;
				CLANG_WARN_OBJC_LITERAL_CONVERSION = YES;
				CLANG_WARN_RANGE_LOOP_ANALYSIS = YES;
				CLANG_WARN_STRICT_PROTOTYPES = YES;
				CLANG_WARN_SUSPICIOUS_MOVE = YES;
				CLANG_WARN_UNREACHABLE_CODE = YES;
				CLANG_WARN__DUPLICATE_METHOD_MATCH = YES;
				CODE_SIGN_IDENTITY = "";
				DEAD_CODE_STRIPPING = NO;
				ENABLE_STRICT_OBJC_MSGSEND = YES;
				ENABLE_TESTABILITY = YES;
				FRAMEWORK_SEARCH_PATHS = "$(SYSTEM_LIBRARY_DIR)/PrivateFrameworks";
				GCC_C_LANGUAGE_STANDARD = c99;
				GCC_GENERATE_DEBUGGING_SYMBOLS = YES;
				GCC_NO_COMMON_BLOCKS = YES;
				GCC_OPTIMIZATION_LEVEL = 0;
				GCC_PRECOMPILE_PREFIX_HEADER = YES;
				GCC_PREFIX_HEADER = MenuMeters.pch;
				GCC_VERSION = "";
				GCC_WARN_64_TO_32_BIT_CONVERSION = YES;
				GCC_WARN_ABOUT_RETURN_TYPE = YES;
				GCC_WARN_UNDECLARED_SELECTOR = YES;
				GCC_WARN_UNINITIALIZED_AUTOS = YES;
				GCC_WARN_UNUSED_FUNCTION = YES;
				GCC_WARN_UNUSED_VARIABLE = YES;
				MACOSX_DEPLOYMENT_TARGET = 10.10;
				"MACOSX_DEPLOYMENT_TARGET[sdk=macosx10.4][arch=ppc]" = 10.2;
				"MACOSX_DEPLOYMENT_TARGET[sdk=macosx10.5][arch=*]" = 10.5;
				ONLY_ACTIVE_ARCH = YES;
				PREBINDING = NO;
				SDKROOT = macosx;
				SEPARATE_STRIP = YES;
				WARNING_CFLAGS = (
					"-Wall",
					"-Werror",
					"-Wshorten-64-to-32",
				);
			};
			name = Debug;
		};
		D4CD20470D88E34100481A51 /* Debug */ = {
			isa = XCBuildConfiguration;
			buildSettings = {
				CLANG_ENABLE_OBJC_ARC = YES;
				DEPLOYMENT_LOCATION = YES;
				DSTROOT = "/tmp/$(PROJECT_NAME).dst";
				GCC_ENABLE_OBJC_GC = unsupported;
				GCC_PREFIX_HEADER = MenuMeters.pch;
				GCC_WARN_ABOUT_DEPRECATED_FUNCTIONS = NO;
				INFOPLIST_FILE = PrefPane/Info.plist;
				INFOPLIST_PREFIX_HEADER = ./PrefPane/InfoPlistPreprocessor.h;
				INFOPLIST_PREPROCESS = YES;
				INSTALL_PATH = "$(LOCAL_LIBRARY_DIR)/PreferencePanes";
				MACOSX_DEPLOYMENT_TARGET = 10.10;
				ONLY_ACTIVE_ARCH = YES;
				OTHER_CFLAGS = "-DELCAPITAN";
				PRODUCT_BUNDLE_IDENTIFIER = com.yujitach.MenuMeters;
				PRODUCT_NAME = MenuMeters;
				SDKROOT = macosx;
				WRAPPER_EXTENSION = prefPane;
			};
			name = Debug;
		};
/* End XCBuildConfiguration section */

/* Begin XCConfigurationList section */
		3383C1801B69B72600915D5D /* Build configuration list for PBXNativeTarget "MenuMetersApp" */ = {
			isa = XCConfigurationList;
			buildConfigurations = (
				3383C17E1B69B72600915D5D /* Release */,
				3383C17F1B69B72600915D5D /* Debug */,
			);
			defaultConfigurationIsVisible = 0;
			defaultConfigurationName = Release;
		};
		D4AFB339087726B20023B640 /* Build configuration list for PBXNativeTarget "PrefPane" */ = {
			isa = XCConfigurationList;
			buildConfigurations = (
				D4AFB33A087726B20023B640 /* Release */,
				D4CD20470D88E34100481A51 /* Debug */,
			);
			defaultConfigurationIsVisible = 0;
			defaultConfigurationName = Release;
		};
		D4AFB342087726B20023B640 /* Build configuration list for PBXProject "MenuMeters" */ = {
			isa = XCConfigurationList;
			buildConfigurations = (
				D4AFB343087726B20023B640 /* Release */,
				D4CD20430D88E34100481A51 /* Debug */,
			);
			defaultConfigurationIsVisible = 0;
			defaultConfigurationName = Release;
		};
/* End XCConfigurationList section */
	};
	rootObject = D40DB4A703D25F2100A87BC9 /* Project object */;
}
